// !$*UTF8*$!
{
	archiveVersion = 1;
	classes = {
	};
	objectVersion = 50;
	objects = {

/* Begin PBXBuildFile section */
		84CBEFB525AEB1F00057165D /* AppDelegate.swift in Sources */ = {isa = PBXBuildFile; fileRef = 84CBEFB425AEB1F00057165D /* AppDelegate.swift */; };
		84CBEFB725AEB1F00057165D /* SceneDelegate.swift in Sources */ = {isa = PBXBuildFile; fileRef = 84CBEFB625AEB1F00057165D /* SceneDelegate.swift */; };
		84CBEFB925AEB1F00057165D /* ViewController.swift in Sources */ = {isa = PBXBuildFile; fileRef = 84CBEFB825AEB1F00057165D /* ViewController.swift */; };
		84CBEFBC25AEB1F00057165D /* Main.storyboard in Resources */ = {isa = PBXBuildFile; fileRef = 84CBEFBA25AEB1F00057165D /* Main.storyboard */; };
		84CBEFBE25AEB1F80057165D /* Assets.xcassets in Resources */ = {isa = PBXBuildFile; fileRef = 84CBEFBD25AEB1F80057165D /* Assets.xcassets */; };
		84CBEFC125AEB1F80057165D /* LaunchScreen.storyboard in Resources */ = {isa = PBXBuildFile; fileRef = 84CBEFBF25AEB1F80057165D /* LaunchScreen.storyboard */; };
		84CBEFCA25AEB6AF0057165D /* WebViewController.swift in Sources */ = {isa = PBXBuildFile; fileRef = 84CBEFC925AEB6AF0057165D /* WebViewController.swift */; };
		84CBEFCE25AEC7BB0057165D /* TabCollectionViewCell.swift in Sources */ = {isa = PBXBuildFile; fileRef = 84CBEFCD25AEC7BB0057165D /* TabCollectionViewCell.swift */; };
/* End PBXBuildFile section */

/* Begin PBXFileReference section */
		84CBEFB125AEB1F00057165D /* SampleTopTab.app */ = {isa = PBXFileReference; explicitFileType = wrapper.application; includeInIndex = 0; path = SampleTopTab.app; sourceTree = BUILT_PRODUCTS_DIR; };
		84CBEFB425AEB1F00057165D /* AppDelegate.swift */ = {isa = PBXFileReference; lastKnownFileType = sourcecode.swift; path = AppDelegate.swift; sourceTree = "<group>"; };
		84CBEFB625AEB1F00057165D /* SceneDelegate.swift */ = {isa = PBXFileReference; lastKnownFileType = sourcecode.swift; path = SceneDelegate.swift; sourceTree = "<group>"; };
		84CBEFB825AEB1F00057165D /* ViewController.swift */ = {isa = PBXFileReference; lastKnownFileType = sourcecode.swift; path = ViewController.swift; sourceTree = "<group>"; };
		84CBEFBB25AEB1F00057165D /* Base */ = {isa = PBXFileReference; lastKnownFileType = file.storyboard; name = Base; path = Base.lproj/Main.storyboard; sourceTree = "<group>"; };
		84CBEFBD25AEB1F80057165D /* Assets.xcassets */ = {isa = PBXFileReference; lastKnownFileType = folder.assetcatalog; path = Assets.xcassets; sourceTree = "<group>"; };
		84CBEFC025AEB1F80057165D /* Base */ = {isa = PBXFileReference; lastKnownFileType = file.storyboard; name = Base; path = Base.lproj/LaunchScreen.storyboard; sourceTree = "<group>"; };
		84CBEFC225AEB1F80057165D /* Info.plist */ = {isa = PBXFileReference; lastKnownFileType = text.plist.xml; path = Info.plist; sourceTree = "<group>"; };
		84CBEFC925AEB6AF0057165D /* WebViewController.swift */ = {isa = PBXFileReference; lastKnownFileType = sourcecode.swift; path = WebViewController.swift; sourceTree = "<group>"; };
		84CBEFCD25AEC7BB0057165D /* TabCollectionViewCell.swift */ = {isa = PBXFileReference; lastKnownFileType = sourcecode.swift; path = TabCollectionViewCell.swift; sourceTree = "<group>"; };
/* End PBXFileReference section */

/* Begin PBXFrameworksBuildPhase section */
		84CBEFAE25AEB1F00057165D /* Frameworks */ = {
			isa = PBXFrameworksBuildPhase;
			buildActionMask = 2147483647;
			files = (
			);
			runOnlyForDeploymentPostprocessing = 0;
		};
/* End PBXFrameworksBuildPhase section */

/* Begin PBXGroup section */
		84CBEFA825AEB1F00057165D = {
			isa = PBXGroup;
			children = (
				84CBEFB325AEB1F00057165D /* SampleTopTab */,
				84CBEFB225AEB1F00057165D /* Products */,
			);
			sourceTree = "<group>";
		};
		84CBEFB225AEB1F00057165D /* Products */ = {
			isa = PBXGroup;
			children = (
				84CBEFB125AEB1F00057165D /* SampleTopTab.app */,
			);
			name = Products;
			sourceTree = "<group>";
		};
		84CBEFB325AEB1F00057165D /* SampleTopTab */ = {
			isa = PBXGroup;
			children = (
				84CBEFB425AEB1F00057165D /* AppDelegate.swift */,
				84CBEFB625AEB1F00057165D /* SceneDelegate.swift */,
				84CBEFB825AEB1F00057165D /* ViewController.swift */,
				84CBEFBA25AEB1F00057165D /* Main.storyboard */,
				84CBEFBD25AEB1F80057165D /* Assets.xcassets */,
				84CBEFBF25AEB1F80057165D /* LaunchScreen.storyboard */,
				84CBEFC225AEB1F80057165D /* Info.plist */,
				84CBEFC925AEB6AF0057165D /* WebViewController.swift */,
				84CBEFCD25AEC7BB0057165D /* TabCollectionViewCell.swift */,
			);
			path = SampleTopTab;
			sourceTree = "<group>";
		};
/* End PBXGroup section */

/* Begin PBXNativeTarget section */
		84CBEFB025AEB1F00057165D /* SampleTopTab */ = {
			isa = PBXNativeTarget;
			buildConfigurationList = 84CBEFC525AEB1F80057165D /* Build configuration list for PBXNativeTarget "SampleTopTab" */;
			buildPhases = (
				84CBEFAD25AEB1F00057165D /* Sources */,
				84CBEFAE25AEB1F00057165D /* Frameworks */,
				84CBEFAF25AEB1F00057165D /* Resources */,
			);
			buildRules = (
			);
			dependencies = (
			);
			name = SampleTopTab;
			productName = SampleTopTab;
			productReference = 84CBEFB125AEB1F00057165D /* SampleTopTab.app */;
			productType = "com.apple.product-type.application";
		};
/* End PBXNativeTarget section */

/* Begin PBXProject section */
		84CBEFA925AEB1F00057165D /* Project object */ = {
			isa = PBXProject;
			attributes = {
				LastSwiftUpdateCheck = 1210;
				LastUpgradeCheck = 1210;
				TargetAttributes = {
					84CBEFB025AEB1F00057165D = {
						CreatedOnToolsVersion = 12.1;
					};
				};
			};
			buildConfigurationList = 84CBEFAC25AEB1F00057165D /* Build configuration list for PBXProject "SampleTopTab" */;
			compatibilityVersion = "Xcode 9.3";
			developmentRegion = en;
			hasScannedForEncodings = 0;
			knownRegions = (
				en,
				Base,
			);
			mainGroup = 84CBEFA825AEB1F00057165D;
			productRefGroup = 84CBEFB225AEB1F00057165D /* Products */;
			projectDirPath = "";
			projectRoot = "";
			targets = (
				84CBEFB025AEB1F00057165D /* SampleTopTab */,
			);
		};
/* End PBXProject section */

/* Begin PBXResourcesBuildPhase section */
		84CBEFAF25AEB1F00057165D /* Resources */ = {
			isa = PBXResourcesBuildPhase;
			buildActionMask = 2147483647;
			files = (
				84CBEFC125AEB1F80057165D /* LaunchScreen.storyboard in Resources */,
				84CBEFBE25AEB1F80057165D /* Assets.xcassets in Resources */,
				84CBEFBC25AEB1F00057165D /* Main.storyboard in Resources */,
			);
			runOnlyForDeploymentPostprocessing = 0;
		};
/* End PBXResourcesBuildPhase section */

/* Begin PBXSourcesBuildPhase section */
		84CBEFAD25AEB1F00057165D /* Sources */ = {
			isa = PBXSourcesBuildPhase;
			buildActionMask = 2147483647;
			files = (
				84CBEFB925AEB1F00057165D /* ViewController.swift in Sources */,
				84CBEFB525AEB1F00057165D /* AppDelegate.swift in Sources */,
				84CBEFCE25AEC7BB0057165D /* TabCollectionViewCell.swift in Sources */,
				84CBEFB725AEB1F00057165D /* SceneDelegate.swift in Sources */,
				84CBEFCA25AEB6AF0057165D /* WebViewController.swift in Sources */,
			);
			runOnlyForDeploymentPostprocessing = 0;
		};
/* End PBXSourcesBuildPhase section */

/* Begin PBXVariantGroup section */
		84CBEFBA25AEB1F00057165D /* Main.storyboard */ = {
			isa = PBXVariantGroup;
			children = (
				84CBEFBB25AEB1F00057165D /* Base */,
			);
			name = Main.storyboard;
			sourceTree = "<group>";
		};
		84CBEFBF25AEB1F80057165D /* LaunchScreen.storyboard */ = {
			isa = PBXVariantGroup;
			children = (
				84CBEFC025AEB1F80057165D /* Base */,
			);
			name = LaunchScreen.storyboard;
			sourceTree = "<group>";
		};
/* End PBXVariantGroup section */

/* Begin XCBuildConfiguration section */
		84CBEFC325AEB1F80057165D /* Debug */ = {
			isa = XCBuildConfiguration;
			buildSettings = {
				ALWAYS_SEARCH_USER_PATHS = NO;
				CLANG_ANALYZER_NONNULL = YES;
				CLANG_ANALYZER_NUMBER_OBJECT_CONVERSION = YES_AGGRESSIVE;
				CLANG_CXX_LANGUAGE_STANDARD = "gnu++14";
				CLANG_CXX_LIBRARY = "libc++";
				CLANG_ENABLE_MODULES = YES;
				CLANG_ENABLE_OBJC_ARC = YES;
				CLANG_ENABLE_OBJC_WEAK = YES;
				CLANG_WARN_BLOCK_CAPTURE_AUTORELEASING = YES;
				CLANG_WARN_BOOL_CONVERSION = YES;
				CLANG_WARN_COMMA = YES;
				CLANG_WARN_CONSTANT_CONVERSION = YES;
				CLANG_WARN_DEPRECATED_OBJC_IMPLEMENTATIONS = YES;
				CLANG_WARN_DIRECT_OBJC_ISA_USAGE = YES_ERROR;
				CLANG_WARN_DOCUMENTATION_COMMENTS = YES;
				CLANG_WARN_EMPTY_BODY = YES;
				CLANG_WARN_ENUM_CONVERSION = YES;
				CLANG_WARN_INFINITE_RECURSION = YES;
				CLANG_WARN_INT_CONVERSION = YES;
				CLANG_WARN_NON_LITERAL_NULL_CONVERSION = YES;
				CLANG_WARN_OBJC_IMPLICIT_RETAIN_SELF = YES;
				CLANG_WARN_OBJC_LITERAL_CONVERSION = YES;
				CLANG_WARN_OBJC_ROOT_CLASS = YES_ERROR;
				CLANG_WARN_QUOTED_INCLUDE_IN_FRAMEWORK_HEADER = YES;
				CLANG_WARN_RANGE_LOOP_ANALYSIS = YES;
				CLANG_WARN_STRICT_PROTOTYPES = YES;
				CLANG_WARN_SUSPICIOUS_MOVE = YES;
				CLANG_WARN_UNGUARDED_AVAILABILITY = YES_AGGRESSIVE;
				CLANG_WARN_UNREACHABLE_CODE = YES;
				CLANG_WARN__DUPLICATE_METHOD_MATCH = YES;
				COPY_PHASE_STRIP = NO;
				DEBUG_INFORMATION_FORMAT = dwarf;
				ENABLE_STRICT_OBJC_MSGSEND = YES;
				ENABLE_TESTABILITY = YES;
				GCC_C_LANGUAGE_STANDARD = gnu11;
				GCC_DYNAMIC_NO_PIC = NO;
				GCC_NO_COMMON_BLOCKS = YES;
				GCC_OPTIMIZATION_LEVEL = 0;
				GCC_PREPROCESSOR_DEFINITIONS = (
					"DEBUG=1",
					"$(inherited)",
				);
				GCC_WARN_64_TO_32_BIT_CONVERSION = YES;
				GCC_WARN_ABOUT_RETURN_TYPE = YES_ERROR;
				GCC_WARN_UNDECLARED_SELECTOR = YES;
				GCC_WARN_UNINITIALIZED_AUTOS = YES_AGGRESSIVE;
				GCC_WARN_UNUSED_FUNCTION = YES;
				GCC_WARN_UNUSED_VARIABLE = YES;
				IPHONEOS_DEPLOYMENT_TARGET = 14.1;
				MTL_ENABLE_DEBUG_INFO = INCLUDE_SOURCE;
				MTL_FAST_MATH = YES;
				ONLY_ACTIVE_ARCH = YES;
				SDKROOT = iphoneos;
				SWIFT_ACTIVE_COMPILATION_CONDITIONS = DEBUG;
				SWIFT_OPTIMIZATION_LEVEL = "-Onone";
			};
			name = Debug;
		};
		84CBEFC425AEB1F80057165D /* Release */ = {
			isa = XCBuildConfiguration;
			buildSettings = {
				ALWAYS_SEARCH_USER_PATHS = NO;
				CLANG_ANALYZER_NONNULL = YES;
				CLANG_ANALYZER_NUMBER_OBJECT_CONVERSION = YES_AGGRESSIVE;
				CLANG_CXX_LANGUAGE_STANDARD = "gnu++14";
				CLANG_CXX_LIBRARY = "libc++";
				CLANG_ENABLE_MODULES = YES;
				CLANG_ENABLE_OBJC_ARC = YES;
				CLANG_ENABLE_OBJC_WEAK = YES;
				CLANG_WARN_BLOCK_CAPTURE_AUTORELEASING = YES;
				CLANG_WARN_BOOL_CONVERSION = YES;
				CLANG_WARN_COMMA = YES;
				CLANG_WARN_CONSTANT_CONVERSION = YES;
				CLANG_WARN_DEPRECATED_OBJC_IMPLEMENTATIONS = YES;
				CLANG_WARN_DIRECT_OBJC_ISA_USAGE = YES_ERROR;
				CLANG_WARN_DOCUMENTATION_COMMENTS = YES;
				CLANG_WARN_EMPTY_BODY = YES;
				CLANG_WARN_ENUM_CONVERSION = YES;
				CLANG_WARN_INFINITE_RECURSION = YES;
				CLANG_WARN_INT_CONVERSION = YES;
				CLANG_WARN_NON_LITERAL_NULL_CONVERSION = YES;
				CLANG_WARN_OBJC_IMPLICIT_RETAIN_SELF = YES;
				CLANG_WARN_OBJC_LITERAL_CONVERSION = YES;
				CLANG_WARN_OBJC_ROOT_CLASS = YES_ERROR;
				CLANG_WARN_QUOTED_INCLUDE_IN_FRAMEWORK_HEADER = YES;
				CLANG_WARN_RANGE_LOOP_ANALYSIS = YES;
				CLANG_WARN_STRICT_PROTOTYPES = YES;
				CLANG_WARN_SUSPICIOUS_MOVE = YES;
				CLANG_WARN_UNGUARDED_AVAILABILITY = YES_AGGRESSIVE;
				CLANG_WARN_UNREACHABLE_CODE = YES;
				CLANG_WARN__DUPLICATE_METHOD_MATCH = YES;
				COPY_PHASE_STRIP = NO;
				DEBUG_INFORMATION_FORMAT = "dwarf-with-dsym";
				ENABLE_NS_ASSERTIONS = NO;
				ENABLE_STRICT_OBJC_MSGSEND = YES;
				GCC_C_LANGUAGE_STANDARD = gnu11;
				GCC_NO_COMMON_BLOCKS = YES;
				GCC_WARN_64_TO_32_BIT_CONVERSION = YES;
				GCC_WARN_ABOUT_RETURN_TYPE = YES_ERROR;
				GCC_WARN_UNDECLARED_SELECTOR = YES;
				GCC_WARN_UNINITIALIZED_AUTOS = YES_AGGRESSIVE;
				GCC_WARN_UNUSED_FUNCTION = YES;
				GCC_WARN_UNUSED_VARIABLE = YES;
				IPHONEOS_DEPLOYMENT_TARGET = 14.1;
				MTL_ENABLE_DEBUG_INFO = NO;
				MTL_FAST_MATH = YES;
				SDKROOT = iphoneos;
				SWIFT_COMPILATION_MODE = wholemodule;
				SWIFT_OPTIMIZATION_LEVEL = "-O";
				VALIDATE_PRODUCT = YES;
			};
			name = Release;
		};
		84CBEFC625AEB1F80057165D /* Debug */ = {
			isa = XCBuildConfiguration;
			buildSettings = {
				ASSETCATALOG_COMPILER_APPICON_NAME = AppIcon;
				ASSETCATALOG_COMPILER_GLOBAL_ACCENT_COLOR_NAME = AccentColor;
				CODE_SIGN_STYLE = Automatic;
				INFOPLIST_FILE = SampleTopTab/Info.plist;
				LD_RUNPATH_SEARCH_PATHS = (
					"$(inherited)",
					"@executable_path/Frameworks",
				);
				PRODUCT_BUNDLE_IDENTIFIER = Yamaguchi.SampleTopTab;
				PRODUCT_NAME = "$(TARGET_NAME)";
				SWIFT_VERSION = 5.0;
				TARGETED_DEVICE_FAMILY = "1,2";
			};
			name = Debug;
		};
		84CBEFC725AEB1F80057165D /* Release */ = {
			isa = XCBuildConfiguration;
			buildSettings = {
				ASSETCATALOG_COMPILER_APPICON_NAME = AppIcon;
				ASSETCATALOG_COMPILER_GLOBAL_ACCENT_COLOR_NAME = AccentColor;
				CODE_SIGN_STYLE = Automatic;
				INFOPLIST_FILE = SampleTopTab/Info.plist;
				LD_RUNPATH_SEARCH_PATHS = (
					"$(inherited)",
					"@executable_path/Frameworks",
				);
				PRODUCT_BUNDLE_IDENTIFIER = Yamaguchi.SampleTopTab;
				PRODUCT_NAME = "$(TARGET_NAME)";
				SWIFT_VERSION = 5.0;
				TARGETED_DEVICE_FAMILY = "1,2";
			};
			name = Release;
		};
/* End XCBuildConfiguration section */

/* Begin XCConfigurationList section */
		84CBEFAC25AEB1F00057165D /* Build configuration list for PBXProject "SampleTopTab" */ = {
			isa = XCConfigurationList;
			buildConfigurations = (
				84CBEFC325AEB1F80057165D /* Debug */,
				84CBEFC425AEB1F80057165D /* Release */,
			);
			defaultConfigurationIsVisible = 0;
			defaultConfigurationName = Release;
		};
		84CBEFC525AEB1F80057165D /* Build configuration list for PBXNativeTarget "SampleTopTab" */ = {
			isa = XCConfigurationList;
			buildConfigurations = (
				84CBEFC625AEB1F80057165D /* Debug */,
				84CBEFC725AEB1F80057165D /* Release */,
			);
			defaultConfigurationIsVisible = 0;
			defaultConfigurationName = Release;
		};
/* End XCConfigurationList section */
	};
	rootObject = 84CBEFA925AEB1F00057165D /* Project object */;
}
