// !$*UTF8*$!
{
	archiveVersion = 1;
	classes = {
	};
	objectVersion = 48;
	objects = {

/* Begin PBXBuildFile section */
		845EB70A20356C5800DB4367 /* AppDelegate.swift in Sources */ = {isa = PBXBuildFile; fileRef = 845EB70920356C5800DB4367 /* AppDelegate.swift */; };
		845EB70C20356C5800DB4367 /* ViewController.swift in Sources */ = {isa = PBXBuildFile; fileRef = 845EB70B20356C5800DB4367 /* ViewController.swift */; };
		845EB70F20356C5800DB4367 /* Main.storyboard in Resources */ = {isa = PBXBuildFile; fileRef = 845EB70D20356C5800DB4367 /* Main.storyboard */; };
		845EB71120356C5800DB4367 /* Assets.xcassets in Resources */ = {isa = PBXBuildFile; fileRef = 845EB71020356C5800DB4367 /* Assets.xcassets */; };
		845EB71420356C5800DB4367 /* LaunchScreen.storyboard in Resources */ = {isa = PBXBuildFile; fileRef = 845EB71220356C5800DB4367 /* LaunchScreen.storyboard */; };
		845EB71C20356D9600DB4367 /* BinarySearch.swift in Sources */ = {isa = PBXBuildFile; fileRef = 845EB71B20356D9600DB4367 /* BinarySearch.swift */; };
		845EB71E203577B900DB4367 /* RoundRobin.swift in Sources */ = {isa = PBXBuildFile; fileRef = 845EB71D203577B900DB4367 /* RoundRobin.swift */; };
		845EB7202035DBD000DB4367 /* QuickSort.swift in Sources */ = {isa = PBXBuildFile; fileRef = 845EB71F2035DBD000DB4367 /* QuickSort.swift */; };
/* End PBXBuildFile section */

/* Begin PBXFileReference section */
		845EB70620356C5800DB4367 /* SampleAlgorithm.app */ = {isa = PBXFileReference; explicitFileType = wrapper.application; includeInIndex = 0; path = SampleAlgorithm.app; sourceTree = BUILT_PRODUCTS_DIR; };
		845EB70920356C5800DB4367 /* AppDelegate.swift */ = {isa = PBXFileReference; lastKnownFileType = sourcecode.swift; path = AppDelegate.swift; sourceTree = "<group>"; };
		845EB70B20356C5800DB4367 /* ViewController.swift */ = {isa = PBXFileReference; lastKnownFileType = sourcecode.swift; path = ViewController.swift; sourceTree = "<group>"; };
		845EB70E20356C5800DB4367 /* Base */ = {isa = PBXFileReference; lastKnownFileType = file.storyboard; name = Base; path = Base.lproj/Main.storyboard; sourceTree = "<group>"; };
		845EB71020356C5800DB4367 /* Assets.xcassets */ = {isa = PBXFileReference; lastKnownFileType = folder.assetcatalog; path = Assets.xcassets; sourceTree = "<group>"; };
		845EB71320356C5800DB4367 /* Base */ = {isa = PBXFileReference; lastKnownFileType = file.storyboard; name = Base; path = Base.lproj/LaunchScreen.storyboard; sourceTree = "<group>"; };
		845EB71520356C5800DB4367 /* Info.plist */ = {isa = PBXFileReference; lastKnownFileType = text.plist.xml; path = Info.plist; sourceTree = "<group>"; };
		845EB71B20356D9600DB4367 /* BinarySearch.swift */ = {isa = PBXFileReference; lastKnownFileType = sourcecode.swift; path = BinarySearch.swift; sourceTree = "<group>"; };
		845EB71D203577B900DB4367 /* RoundRobin.swift */ = {isa = PBXFileReference; lastKnownFileType = sourcecode.swift; path = RoundRobin.swift; sourceTree = "<group>"; };
		845EB71F2035DBD000DB4367 /* QuickSort.swift */ = {isa = PBXFileReference; lastKnownFileType = sourcecode.swift; path = QuickSort.swift; sourceTree = "<group>"; };
/* End PBXFileReference section */

/* Begin PBXFrameworksBuildPhase section */
		845EB70320356C5800DB4367 /* Frameworks */ = {
			isa = PBXFrameworksBuildPhase;
			buildActionMask = 2147483647;
			files = (
			);
			runOnlyForDeploymentPostprocessing = 0;
		};
/* End PBXFrameworksBuildPhase section */

/* Begin PBXGroup section */
		845EB6FD20356C5800DB4367 = {
			isa = PBXGroup;
			children = (
				845EB70820356C5800DB4367 /* SampleAlgorithm */,
				845EB70720356C5800DB4367 /* Products */,
			);
			sourceTree = "<group>";
		};
		845EB70720356C5800DB4367 /* Products */ = {
			isa = PBXGroup;
			children = (
				845EB70620356C5800DB4367 /* SampleAlgorithm.app */,
			);
			name = Products;
			sourceTree = "<group>";
		};
		845EB70820356C5800DB4367 /* SampleAlgorithm */ = {
			isa = PBXGroup;
			children = (
				845EB70920356C5800DB4367 /* AppDelegate.swift */,
				845EB70B20356C5800DB4367 /* ViewController.swift */,
				845EB70D20356C5800DB4367 /* Main.storyboard */,
				845EB71020356C5800DB4367 /* Assets.xcassets */,
				845EB71220356C5800DB4367 /* LaunchScreen.storyboard */,
				845EB71520356C5800DB4367 /* Info.plist */,
				845EB71B20356D9600DB4367 /* BinarySearch.swift */,
				845EB71D203577B900DB4367 /* RoundRobin.swift */,
				845EB71F2035DBD000DB4367 /* QuickSort.swift */,
			);
			path = SampleAlgorithm;
			sourceTree = "<group>";
		};
/* End PBXGroup section */

/* Begin PBXNativeTarget section */
		845EB70520356C5800DB4367 /* SampleAlgorithm */ = {
			isa = PBXNativeTarget;
			buildConfigurationList = 845EB71820356C5800DB4367 /* Build configuration list for PBXNativeTarget "SampleAlgorithm" */;
			buildPhases = (
				845EB70220356C5800DB4367 /* Sources */,
				845EB70320356C5800DB4367 /* Frameworks */,
				845EB70420356C5800DB4367 /* Resources */,
			);
			buildRules = (
			);
			dependencies = (
			);
			name = SampleAlgorithm;
			productName = SampleAlgorithm;
			productReference = 845EB70620356C5800DB4367 /* SampleAlgorithm.app */;
			productType = "com.apple.product-type.application";
		};
/* End PBXNativeTarget section */

/* Begin PBXProject section */
		845EB6FE20356C5800DB4367 /* Project object */ = {
			isa = PBXProject;
			attributes = {
				LastSwiftUpdateCheck = 0920;
				LastUpgradeCheck = 0920;
				ORGANIZATIONNAME = Yamaguchi;
				TargetAttributes = {
					845EB70520356C5800DB4367 = {
						CreatedOnToolsVersion = 9.2;
						ProvisioningStyle = Automatic;
					};
				};
			};
			buildConfigurationList = 845EB70120356C5800DB4367 /* Build configuration list for PBXProject "SampleAlgorithm" */;
			compatibilityVersion = "Xcode 8.0";
			developmentRegion = en;
			hasScannedForEncodings = 0;
			knownRegions = (
				en,
				Base,
			);
			mainGroup = 845EB6FD20356C5800DB4367;
			productRefGroup = 845EB70720356C5800DB4367 /* Products */;
			projectDirPath = "";
			projectRoot = "";
			targets = (
				845EB70520356C5800DB4367 /* SampleAlgorithm */,
			);
		};
/* End PBXProject section */

/* Begin PBXResourcesBuildPhase section */
		845EB70420356C5800DB4367 /* Resources */ = {
			isa = PBXResourcesBuildPhase;
			buildActionMask = 2147483647;
			files = (
				845EB71420356C5800DB4367 /* LaunchScreen.storyboard in Resources */,
				845EB71120356C5800DB4367 /* Assets.xcassets in Resources */,
				845EB70F20356C5800DB4367 /* Main.storyboard in Resources */,
			);
			runOnlyForDeploymentPostprocessing = 0;
		};
/* End PBXResourcesBuildPhase section */

/* Begin PBXSourcesBuildPhase section */
		845EB70220356C5800DB4367 /* Sources */ = {
			isa = PBXSourcesBuildPhase;
			buildActionMask = 2147483647;
			files = (
				845EB70C20356C5800DB4367 /* ViewController.swift in Sources */,
				845EB7202035DBD000DB4367 /* QuickSort.swift in Sources */,
				845EB71E203577B900DB4367 /* RoundRobin.swift in Sources */,
				845EB70A20356C5800DB4367 /* AppDelegate.swift in Sources */,
				845EB71C20356D9600DB4367 /* BinarySearch.swift in Sources */,
			);
			runOnlyForDeploymentPostprocessing = 0;
		};
/* End PBXSourcesBuildPhase section */

/* Begin PBXVariantGroup section */
		845EB70D20356C5800DB4367 /* Main.storyboard */ = {
			isa = PBXVariantGroup;
			children = (
				845EB70E20356C5800DB4367 /* Base */,
			);
			name = Main.storyboard;
			sourceTree = "<group>";
		};
		845EB71220356C5800DB4367 /* LaunchScreen.storyboard */ = {
			isa = PBXVariantGroup;
			children = (
				845EB71320356C5800DB4367 /* Base */,
			);
			name = LaunchScreen.storyboard;
			sourceTree = "<group>";
		};
/* End PBXVariantGroup section */

/* Begin XCBuildConfiguration section */
		845EB71620356C5800DB4367 /* Debug */ = {
			isa = XCBuildConfiguration;
			buildSettings = {
				ALWAYS_SEARCH_USER_PATHS = NO;
				CLANG_ANALYZER_NONNULL = YES;
				CLANG_ANALYZER_NUMBER_OBJECT_CONVERSION = YES_AGGRESSIVE;
				CLANG_CXX_LANGUAGE_STANDARD = "gnu++14";
				CLANG_CXX_LIBRARY = "libc++";
				CLANG_ENABLE_MODULES = YES;
				CLANG_ENABLE_OBJC_ARC = YES;
				CLANG_WARN_BLOCK_CAPTURE_AUTORELEASING = YES;
				CLANG_WARN_BOOL_CONVERSION = YES;
				CLANG_WARN_COMMA = YES;
				CLANG_WARN_CONSTANT_CONVERSION = YES;
				CLANG_WARN_DIRECT_OBJC_ISA_USAGE = YES_ERROR;
				CLANG_WARN_DOCUMENTATION_COMMENTS = YES;
				CLANG_WARN_EMPTY_BODY = YES;
				CLANG_WARN_ENUM_CONVERSION = YES;
				CLANG_WARN_INFINITE_RECURSION = YES;
				CLANG_WARN_INT_CONVERSION = YES;
				CLANG_WARN_NON_LITERAL_NULL_CONVERSION = YES;
				CLANG_WARN_OBJC_LITERAL_CONVERSION = YES;
				CLANG_WARN_OBJC_ROOT_CLASS = YES_ERROR;
				CLANG_WARN_RANGE_LOOP_ANALYSIS = YES;
				CLANG_WARN_STRICT_PROTOTYPES = YES;
				CLANG_WARN_SUSPICIOUS_MOVE = YES;
				CLANG_WARN_UNGUARDED_AVAILABILITY = YES_AGGRESSIVE;
				CLANG_WARN_UNREACHABLE_CODE = YES;
				CLANG_WARN__DUPLICATE_METHOD_MATCH = YES;
				CODE_SIGN_IDENTITY = "iPhone Developer";
				COPY_PHASE_STRIP = NO;
				DEBUG_INFORMATION_FORMAT = dwarf;
				ENABLE_STRICT_OBJC_MSGSEND = YES;
				ENABLE_TESTABILITY = YES;
				GCC_C_LANGUAGE_STANDARD = gnu11;
				GCC_DYNAMIC_NO_PIC = NO;
				GCC_NO_COMMON_BLOCKS = YES;
				GCC_OPTIMIZATION_LEVEL = 0;
				GCC_PREPROCESSOR_DEFINITIONS = (
					"DEBUG=1",
					"$(inherited)",
				);
				GCC_WARN_64_TO_32_BIT_CONVERSION = YES;
				GCC_WARN_ABOUT_RETURN_TYPE = YES_ERROR;
				GCC_WARN_UNDECLARED_SELECTOR = YES;
				GCC_WARN_UNINITIALIZED_AUTOS = YES_AGGRESSIVE;
				GCC_WARN_UNUSED_FUNCTION = YES;
				GCC_WARN_UNUSED_VARIABLE = YES;
				IPHONEOS_DEPLOYMENT_TARGET = 11.2;
				MTL_ENABLE_DEBUG_INFO = YES;
				ONLY_ACTIVE_ARCH = YES;
				SDKROOT = iphoneos;
				SWIFT_ACTIVE_COMPILATION_CONDITIONS = DEBUG;
				SWIFT_OPTIMIZATION_LEVEL = "-Onone";
			};
			name = Debug;
		};
		845EB71720356C5800DB4367 /* Release */ = {
			isa = XCBuildConfiguration;
			buildSettings = {
				ALWAYS_SEARCH_USER_PATHS = NO;
				CLANG_ANALYZER_NONNULL = YES;
				CLANG_ANALYZER_NUMBER_OBJECT_CONVERSION = YES_AGGRESSIVE;
				CLANG_CXX_LANGUAGE_STANDARD = "gnu++14";
				CLANG_CXX_LIBRARY = "libc++";
				CLANG_ENABLE_MODULES = YES;
				CLANG_ENABLE_OBJC_ARC = YES;
				CLANG_WARN_BLOCK_CAPTURE_AUTORELEASING = YES;
				CLANG_WARN_BOOL_CONVERSION = YES;
				CLANG_WARN_COMMA = YES;
				CLANG_WARN_CONSTANT_CONVERSION = YES;
				CLANG_WARN_DIRECT_OBJC_ISA_USAGE = YES_ERROR;
				CLANG_WARN_DOCUMENTATION_COMMENTS = YES;
				CLANG_WARN_EMPTY_BODY = YES;
				CLANG_WARN_ENUM_CONVERSION = YES;
				CLANG_WARN_INFINITE_RECURSION = YES;
				CLANG_WARN_INT_CONVERSION = YES;
				CLANG_WARN_NON_LITERAL_NULL_CONVERSION = YES;
				CLANG_WARN_OBJC_LITERAL_CONVERSION = YES;
				CLANG_WARN_OBJC_ROOT_CLASS = YES_ERROR;
				CLANG_WARN_RANGE_LOOP_ANALYSIS = YES;
				CLANG_WARN_STRICT_PROTOTYPES = YES;
				CLANG_WARN_SUSPICIOUS_MOVE = YES;
				CLANG_WARN_UNGUARDED_AVAILABILITY = YES_AGGRESSIVE;
				CLANG_WARN_UNREACHABLE_CODE = YES;
				CLANG_WARN__DUPLICATE_METHOD_MATCH = YES;
				CODE_SIGN_IDENTITY = "iPhone Developer";
				COPY_PHASE_STRIP = NO;
				DEBUG_INFORMATION_FORMAT = "dwarf-with-dsym";
				ENABLE_NS_ASSERTIONS = NO;
				ENABLE_STRICT_OBJC_MSGSEND = YES;
				GCC_C_LANGUAGE_STANDARD = gnu11;
				GCC_NO_COMMON_BLOCKS = YES;
				GCC_WARN_64_TO_32_BIT_CONVERSION = YES;
				GCC_WARN_ABOUT_RETURN_TYPE = YES_ERROR;
				GCC_WARN_UNDECLARED_SELECTOR = YES;
				GCC_WARN_UNINITIALIZED_AUTOS = YES_AGGRESSIVE;
				GCC_WARN_UNUSED_FUNCTION = YES;
				GCC_WARN_UNUSED_VARIABLE = YES;
				IPHONEOS_DEPLOYMENT_TARGET = 11.2;
				MTL_ENABLE_DEBUG_INFO = NO;
				SDKROOT = iphoneos;
				SWIFT_OPTIMIZATION_LEVEL = "-Owholemodule";
				VALIDATE_PRODUCT = YES;
			};
			name = Release;
		};
		845EB71920356C5800DB4367 /* Debug */ = {
			isa = XCBuildConfiguration;
			buildSettings = {
				ASSETCATALOG_COMPILER_APPICON_NAME = AppIcon;
				CODE_SIGN_STYLE = Automatic;
				INFOPLIST_FILE = SampleAlgorithm/Info.plist;
				LD_RUNPATH_SEARCH_PATHS = "$(inherited) @executable_path/Frameworks";
				PRODUCT_BUNDLE_IDENTIFIER = yamaguchi.SampleAlgorithm;
				PRODUCT_NAME = "$(TARGET_NAME)";
				SWIFT_VERSION = 4.0;
				TARGETED_DEVICE_FAMILY = "1,2";
			};
			name = Debug;
		};
		845EB71A20356C5800DB4367 /* Release */ = {
			isa = XCBuildConfiguration;
			buildSettings = {
				ASSETCATALOG_COMPILER_APPICON_NAME = AppIcon;
				CODE_SIGN_STYLE = Automatic;
				INFOPLIST_FILE = SampleAlgorithm/Info.plist;
				LD_RUNPATH_SEARCH_PATHS = "$(inherited) @executable_path/Frameworks";
				PRODUCT_BUNDLE_IDENTIFIER = yamaguchi.SampleAlgorithm;
				PRODUCT_NAME = "$(TARGET_NAME)";
				SWIFT_VERSION = 4.0;
				TARGETED_DEVICE_FAMILY = "1,2";
			};
			name = Release;
		};
/* End XCBuildConfiguration section */

/* Begin XCConfigurationList section */
		845EB70120356C5800DB4367 /* Build configuration list for PBXProject "SampleAlgorithm" */ = {
			isa = XCConfigurationList;
			buildConfigurations = (
				845EB71620356C5800DB4367 /* Debug */,
				845EB71720356C5800DB4367 /* Release */,
			);
			defaultConfigurationIsVisible = 0;
			defaultConfigurationName = Release;
		};
		845EB71820356C5800DB4367 /* Build configuration list for PBXNativeTarget "SampleAlgorithm" */ = {
			isa = XCConfigurationList;
			buildConfigurations = (
				845EB71920356C5800DB4367 /* Debug */,
				845EB71A20356C5800DB4367 /* Release */,
			);
			defaultConfigurationIsVisible = 0;
			defaultConfigurationName = Release;
		};
/* End XCConfigurationList section */
	};
	rootObject = 845EB6FE20356C5800DB4367 /* Project object */;
}
