// !$*UTF8*$!
{
	archiveVersion = 1;
	classes = {
	};
	objectVersion = 50;
	objects = {

/* Begin PBXBuildFile section */
		D059D38126B69EF300E6D07A /* ScrollViewController.swift in Sources */ = {isa = PBXBuildFile; fileRef = D059D37F26B69EF300E6D07A /* ScrollViewController.swift */; };
		D059D38226B69EF300E6D07A /* ScrollViewController.xib in Resources */ = {isa = PBXBuildFile; fileRef = D059D38026B69EF300E6D07A /* ScrollViewController.xib */; };
		D07EBF8326AE43CF00877573 /* AppDelegate.swift in Sources */ = {isa = PBXBuildFile; fileRef = D07EBF8226AE43CF00877573 /* AppDelegate.swift */; };
		D07EBF8526AE43CF00877573 /* SceneDelegate.swift in Sources */ = {isa = PBXBuildFile; fileRef = D07EBF8426AE43CF00877573 /* SceneDelegate.swift */; };
		D07EBF8726AE43CF00877573 /* ViewController.swift in Sources */ = {isa = PBXBuildFile; fileRef = D07EBF8626AE43CF00877573 /* ViewController.swift */; };
		D07EBF8A26AE43CF00877573 /* Main.storyboard in Resources */ = {isa = PBXBuildFile; fileRef = D07EBF8826AE43CF00877573 /* Main.storyboard */; };
		D07EBF8C26AE43D000877573 /* Assets.xcassets in Resources */ = {isa = PBXBuildFile; fileRef = D07EBF8B26AE43D000877573 /* Assets.xcassets */; };
		D07EBF8F26AE43D000877573 /* LaunchScreen.storyboard in Resources */ = {isa = PBXBuildFile; fileRef = D07EBF8D26AE43D000877573 /* LaunchScreen.storyboard */; };
		D07EBF9726AE471100877573 /* ModalViewController.swift in Sources */ = {isa = PBXBuildFile; fileRef = D07EBF9626AE471100877573 /* ModalViewController.swift */; };
		D07EBF9A26AE502C00877573 /* HalfModalViewController.swift in Sources */ = {isa = PBXBuildFile; fileRef = D07EBF9826AE502C00877573 /* HalfModalViewController.swift */; };
		D07EBF9B26AE502C00877573 /* HalfModalViewController.xib in Resources */ = {isa = PBXBuildFile; fileRef = D07EBF9926AE502C00877573 /* HalfModalViewController.xib */; };
/* End PBXBuildFile section */

/* Begin PBXFileReference section */
		D059D37F26B69EF300E6D07A /* ScrollViewController.swift */ = {isa = PBXFileReference; lastKnownFileType = sourcecode.swift; path = ScrollViewController.swift; sourceTree = "<group>"; };
		D059D38026B69EF300E6D07A /* ScrollViewController.xib */ = {isa = PBXFileReference; lastKnownFileType = file.xib; path = ScrollViewController.xib; sourceTree = "<group>"; };
		D07EBF7F26AE43CF00877573 /* Sample.app */ = {isa = PBXFileReference; explicitFileType = wrapper.application; includeInIndex = 0; path = Sample.app; sourceTree = BUILT_PRODUCTS_DIR; };
		D07EBF8226AE43CF00877573 /* AppDelegate.swift */ = {isa = PBXFileReference; lastKnownFileType = sourcecode.swift; path = AppDelegate.swift; sourceTree = "<group>"; };
		D07EBF8426AE43CF00877573 /* SceneDelegate.swift */ = {isa = PBXFileReference; lastKnownFileType = sourcecode.swift; path = SceneDelegate.swift; sourceTree = "<group>"; };
		D07EBF8626AE43CF00877573 /* ViewController.swift */ = {isa = PBXFileReference; lastKnownFileType = sourcecode.swift; path = ViewController.swift; sourceTree = "<group>"; };
		D07EBF8926AE43CF00877573 /* Base */ = {isa = PBXFileReference; lastKnownFileType = file.storyboard; name = Base; path = Base.lproj/Main.storyboard; sourceTree = "<group>"; };
		D07EBF8B26AE43D000877573 /* Assets.xcassets */ = {isa = PBXFileReference; lastKnownFileType = folder.assetcatalog; path = Assets.xcassets; sourceTree = "<group>"; };
		D07EBF8E26AE43D000877573 /* Base */ = {isa = PBXFileReference; lastKnownFileType = file.storyboard; name = Base; path = Base.lproj/LaunchScreen.storyboard; sourceTree = "<group>"; };
		D07EBF9026AE43D000877573 /* Info.plist */ = {isa = PBXFileReference; lastKnownFileType = text.plist.xml; path = Info.plist; sourceTree = "<group>"; };
		D07EBF9626AE471100877573 /* ModalViewController.swift */ = {isa = PBXFileReference; lastKnownFileType = sourcecode.swift; path = ModalViewController.swift; sourceTree = "<group>"; };
		D07EBF9826AE502C00877573 /* HalfModalViewController.swift */ = {isa = PBXFileReference; lastKnownFileType = sourcecode.swift; path = HalfModalViewController.swift; sourceTree = "<group>"; };
		D07EBF9926AE502C00877573 /* HalfModalViewController.xib */ = {isa = PBXFileReference; lastKnownFileType = file.xib; path = HalfModalViewController.xib; sourceTree = "<group>"; };
/* End PBXFileReference section */

/* Begin PBXFrameworksBuildPhase section */
		D07EBF7C26AE43CF00877573 /* Frameworks */ = {
			isa = PBXFrameworksBuildPhase;
			buildActionMask = 2147483647;
			files = (
			);
			runOnlyForDeploymentPostprocessing = 0;
		};
/* End PBXFrameworksBuildPhase section */

/* Begin PBXGroup section */
		D07EBF7626AE43CF00877573 = {
			isa = PBXGroup;
			children = (
				D07EBF8126AE43CF00877573 /* Sample */,
				D07EBF8026AE43CF00877573 /* Products */,
			);
			sourceTree = "<group>";
		};
		D07EBF8026AE43CF00877573 /* Products */ = {
			isa = PBXGroup;
			children = (
				D07EBF7F26AE43CF00877573 /* Sample.app */,
			);
			name = Products;
			sourceTree = "<group>";
		};
		D07EBF8126AE43CF00877573 /* Sample */ = {
			isa = PBXGroup;
			children = (
				D07EBF8226AE43CF00877573 /* AppDelegate.swift */,
				D07EBF8426AE43CF00877573 /* SceneDelegate.swift */,
				D07EBF8626AE43CF00877573 /* ViewController.swift */,
				D07EBF8826AE43CF00877573 /* Main.storyboard */,
				D07EBF8B26AE43D000877573 /* Assets.xcassets */,
				D07EBF8D26AE43D000877573 /* LaunchScreen.storyboard */,
				D07EBF9026AE43D000877573 /* Info.plist */,
				D07EBF9626AE471100877573 /* ModalViewController.swift */,
				D07EBF9826AE502C00877573 /* HalfModalViewController.swift */,
				D07EBF9926AE502C00877573 /* HalfModalViewController.xib */,
				D059D37F26B69EF300E6D07A /* ScrollViewController.swift */,
				D059D38026B69EF300E6D07A /* ScrollViewController.xib */,
			);
			path = Sample;
			sourceTree = "<group>";
		};
/* End PBXGroup section */

/* Begin PBXNativeTarget section */
		D07EBF7E26AE43CF00877573 /* Sample */ = {
			isa = PBXNativeTarget;
			buildConfigurationList = D07EBF9326AE43D000877573 /* Build configuration list for PBXNativeTarget "Sample" */;
			buildPhases = (
				D07EBF7B26AE43CF00877573 /* Sources */,
				D07EBF7C26AE43CF00877573 /* Frameworks */,
				D07EBF7D26AE43CF00877573 /* Resources */,
			);
			buildRules = (
			);
			dependencies = (
			);
			name = Sample;
			productName = Sample;
			productReference = D07EBF7F26AE43CF00877573 /* Sample.app */;
			productType = "com.apple.product-type.application";
		};
/* End PBXNativeTarget section */

/* Begin PBXProject section */
		D07EBF7726AE43CF00877573 /* Project object */ = {
			isa = PBXProject;
			attributes = {
				LastSwiftUpdateCheck = 1250;
				LastUpgradeCheck = 1250;
				TargetAttributes = {
					D07EBF7E26AE43CF00877573 = {
						CreatedOnToolsVersion = 12.5.1;
					};
				};
			};
			buildConfigurationList = D07EBF7A26AE43CF00877573 /* Build configuration list for PBXProject "Sample" */;
			compatibilityVersion = "Xcode 9.3";
			developmentRegion = en;
			hasScannedForEncodings = 0;
			knownRegions = (
				en,
				Base,
			);
			mainGroup = D07EBF7626AE43CF00877573;
			productRefGroup = D07EBF8026AE43CF00877573 /* Products */;
			projectDirPath = "";
			projectRoot = "";
			targets = (
				D07EBF7E26AE43CF00877573 /* Sample */,
			);
		};
/* End PBXProject section */

/* Begin PBXResourcesBuildPhase section */
		D07EBF7D26AE43CF00877573 /* Resources */ = {
			isa = PBXResourcesBuildPhase;
			buildActionMask = 2147483647;
			files = (
				D07EBF8F26AE43D000877573 /* LaunchScreen.storyboard in Resources */,
				D07EBF8C26AE43D000877573 /* Assets.xcassets in Resources */,
				D059D38226B69EF300E6D07A /* ScrollViewController.xib in Resources */,
				D07EBF8A26AE43CF00877573 /* Main.storyboard in Resources */,
				D07EBF9B26AE502C00877573 /* HalfModalViewController.xib in Resources */,
			);
			runOnlyForDeploymentPostprocessing = 0;
		};
/* End PBXResourcesBuildPhase section */

/* Begin PBXSourcesBuildPhase section */
		D07EBF7B26AE43CF00877573 /* Sources */ = {
			isa = PBXSourcesBuildPhase;
			buildActionMask = 2147483647;
			files = (
				D07EBF9A26AE502C00877573 /* HalfModalViewController.swift in Sources */,
				D059D38126B69EF300E6D07A /* ScrollViewController.swift in Sources */,
				D07EBF9726AE471100877573 /* ModalViewController.swift in Sources */,
				D07EBF8726AE43CF00877573 /* ViewController.swift in Sources */,
				D07EBF8326AE43CF00877573 /* AppDelegate.swift in Sources */,
				D07EBF8526AE43CF00877573 /* SceneDelegate.swift in Sources */,
			);
			runOnlyForDeploymentPostprocessing = 0;
		};
/* End PBXSourcesBuildPhase section */

/* Begin PBXVariantGroup section */
		D07EBF8826AE43CF00877573 /* Main.storyboard */ = {
			isa = PBXVariantGroup;
			children = (
				D07EBF8926AE43CF00877573 /* Base */,
			);
			name = Main.storyboard;
			sourceTree = "<group>";
		};
		D07EBF8D26AE43D000877573 /* LaunchScreen.storyboard */ = {
			isa = PBXVariantGroup;
			children = (
				D07EBF8E26AE43D000877573 /* Base */,
			);
			name = LaunchScreen.storyboard;
			sourceTree = "<group>";
		};
/* End PBXVariantGroup section */

/* Begin XCBuildConfiguration section */
		D07EBF9126AE43D000877573 /* Debug */ = {
			isa = XCBuildConfiguration;
			buildSettings = {
				ALWAYS_SEARCH_USER_PATHS = NO;
				CLANG_ANALYZER_NONNULL = YES;
				CLANG_ANALYZER_NUMBER_OBJECT_CONVERSION = YES_AGGRESSIVE;
				CLANG_CXX_LANGUAGE_STANDARD = "gnu++14";
				CLANG_CXX_LIBRARY = "libc++";
				CLANG_ENABLE_MODULES = YES;
				CLANG_ENABLE_OBJC_ARC = YES;
				CLANG_ENABLE_OBJC_WEAK = YES;
				CLANG_WARN_BLOCK_CAPTURE_AUTORELEASING = YES;
				CLANG_WARN_BOOL_CONVERSION = YES;
				CLANG_WARN_COMMA = YES;
				CLANG_WARN_CONSTANT_CONVERSION = YES;
				CLANG_WARN_DEPRECATED_OBJC_IMPLEMENTATIONS = YES;
				CLANG_WARN_DIRECT_OBJC_ISA_USAGE = YES_ERROR;
				CLANG_WARN_DOCUMENTATION_COMMENTS = YES;
				CLANG_WARN_EMPTY_BODY = YES;
				CLANG_WARN_ENUM_CONVERSION = YES;
				CLANG_WARN_INFINITE_RECURSION = YES;
				CLANG_WARN_INT_CONVERSION = YES;
				CLANG_WARN_NON_LITERAL_NULL_CONVERSION = YES;
				CLANG_WARN_OBJC_IMPLICIT_RETAIN_SELF = YES;
				CLANG_WARN_OBJC_LITERAL_CONVERSION = YES;
				CLANG_WARN_OBJC_ROOT_CLASS = YES_ERROR;
				CLANG_WARN_QUOTED_INCLUDE_IN_FRAMEWORK_HEADER = YES;
				CLANG_WARN_RANGE_LOOP_ANALYSIS = YES;
				CLANG_WARN_STRICT_PROTOTYPES = YES;
				CLANG_WARN_SUSPICIOUS_MOVE = YES;
				CLANG_WARN_UNGUARDED_AVAILABILITY = YES_AGGRESSIVE;
				CLANG_WARN_UNREACHABLE_CODE = YES;
				CLANG_WARN__DUPLICATE_METHOD_MATCH = YES;
				COPY_PHASE_STRIP = NO;
				DEBUG_INFORMATION_FORMAT = dwarf;
				ENABLE_STRICT_OBJC_MSGSEND = YES;
				ENABLE_TESTABILITY = YES;
				GCC_C_LANGUAGE_STANDARD = gnu11;
				GCC_DYNAMIC_NO_PIC = NO;
				GCC_NO_COMMON_BLOCKS = YES;
				GCC_OPTIMIZATION_LEVEL = 0;
				GCC_PREPROCESSOR_DEFINITIONS = (
					"DEBUG=1",
					"$(inherited)",
				);
				GCC_WARN_64_TO_32_BIT_CONVERSION = YES;
				GCC_WARN_ABOUT_RETURN_TYPE = YES_ERROR;
				GCC_WARN_UNDECLARED_SELECTOR = YES;
				GCC_WARN_UNINITIALIZED_AUTOS = YES_AGGRESSIVE;
				GCC_WARN_UNUSED_FUNCTION = YES;
				GCC_WARN_UNUSED_VARIABLE = YES;
				IPHONEOS_DEPLOYMENT_TARGET = 14.5;
				MTL_ENABLE_DEBUG_INFO = INCLUDE_SOURCE;
				MTL_FAST_MATH = YES;
				ONLY_ACTIVE_ARCH = YES;
				SDKROOT = iphoneos;
				SWIFT_ACTIVE_COMPILATION_CONDITIONS = DEBUG;
				SWIFT_OPTIMIZATION_LEVEL = "-Onone";
			};
			name = Debug;
		};
		D07EBF9226AE43D000877573 /* Release */ = {
			isa = XCBuildConfiguration;
			buildSettings = {
				ALWAYS_SEARCH_USER_PATHS = NO;
				CLANG_ANALYZER_NONNULL = YES;
				CLANG_ANALYZER_NUMBER_OBJECT_CONVERSION = YES_AGGRESSIVE;
				CLANG_CXX_LANGUAGE_STANDARD = "gnu++14";
				CLANG_CXX_LIBRARY = "libc++";
				CLANG_ENABLE_MODULES = YES;
				CLANG_ENABLE_OBJC_ARC = YES;
				CLANG_ENABLE_OBJC_WEAK = YES;
				CLANG_WARN_BLOCK_CAPTURE_AUTORELEASING = YES;
				CLANG_WARN_BOOL_CONVERSION = YES;
				CLANG_WARN_COMMA = YES;
				CLANG_WARN_CONSTANT_CONVERSION = YES;
				CLANG_WARN_DEPRECATED_OBJC_IMPLEMENTATIONS = YES;
				CLANG_WARN_DIRECT_OBJC_ISA_USAGE = YES_ERROR;
				CLANG_WARN_DOCUMENTATION_COMMENTS = YES;
				CLANG_WARN_EMPTY_BODY = YES;
				CLANG_WARN_ENUM_CONVERSION = YES;
				CLANG_WARN_INFINITE_RECURSION = YES;
				CLANG_WARN_INT_CONVERSION = YES;
				CLANG_WARN_NON_LITERAL_NULL_CONVERSION = YES;
				CLANG_WARN_OBJC_IMPLICIT_RETAIN_SELF = YES;
				CLANG_WARN_OBJC_LITERAL_CONVERSION = YES;
				CLANG_WARN_OBJC_ROOT_CLASS = YES_ERROR;
				CLANG_WARN_QUOTED_INCLUDE_IN_FRAMEWORK_HEADER = YES;
				CLANG_WARN_RANGE_LOOP_ANALYSIS = YES;
				CLANG_WARN_STRICT_PROTOTYPES = YES;
				CLANG_WARN_SUSPICIOUS_MOVE = YES;
				CLANG_WARN_UNGUARDED_AVAILABILITY = YES_AGGRESSIVE;
				CLANG_WARN_UNREACHABLE_CODE = YES;
				CLANG_WARN__DUPLICATE_METHOD_MATCH = YES;
				COPY_PHASE_STRIP = NO;
				DEBUG_INFORMATION_FORMAT = "dwarf-with-dsym";
				ENABLE_NS_ASSERTIONS = NO;
				ENABLE_STRICT_OBJC_MSGSEND = YES;
				GCC_C_LANGUAGE_STANDARD = gnu11;
				GCC_NO_COMMON_BLOCKS = YES;
				GCC_WARN_64_TO_32_BIT_CONVERSION = YES;
				GCC_WARN_ABOUT_RETURN_TYPE = YES_ERROR;
				GCC_WARN_UNDECLARED_SELECTOR = YES;
				GCC_WARN_UNINITIALIZED_AUTOS = YES_AGGRESSIVE;
				GCC_WARN_UNUSED_FUNCTION = YES;
				GCC_WARN_UNUSED_VARIABLE = YES;
				IPHONEOS_DEPLOYMENT_TARGET = 14.5;
				MTL_ENABLE_DEBUG_INFO = NO;
				MTL_FAST_MATH = YES;
				SDKROOT = iphoneos;
				SWIFT_COMPILATION_MODE = wholemodule;
				SWIFT_OPTIMIZATION_LEVEL = "-O";
				VALIDATE_PRODUCT = YES;
			};
			name = Release;
		};
		D07EBF9426AE43D000877573 /* Debug */ = {
			isa = XCBuildConfiguration;
			buildSettings = {
				ASSETCATALOG_COMPILER_APPICON_NAME = AppIcon;
				ASSETCATALOG_COMPILER_GLOBAL_ACCENT_COLOR_NAME = AccentColor;
				CODE_SIGN_STYLE = Automatic;
				DEVELOPMENT_TEAM = 94AH2M64SS;
				INFOPLIST_FILE = Sample/Info.plist;
				LD_RUNPATH_SEARCH_PATHS = (
					"$(inherited)",
					"@executable_path/Frameworks",
				);
				PRODUCT_BUNDLE_IDENTIFIER = com.yama.Sample;
				PRODUCT_NAME = "$(TARGET_NAME)";
				SWIFT_VERSION = 5.0;
				TARGETED_DEVICE_FAMILY = "1,2";
			};
			name = Debug;
		};
		D07EBF9526AE43D000877573 /* Release */ = {
			isa = XCBuildConfiguration;
			buildSettings = {
				ASSETCATALOG_COMPILER_APPICON_NAME = AppIcon;
				ASSETCATALOG_COMPILER_GLOBAL_ACCENT_COLOR_NAME = AccentColor;
				CODE_SIGN_STYLE = Automatic;
				DEVELOPMENT_TEAM = 94AH2M64SS;
				INFOPLIST_FILE = Sample/Info.plist;
				LD_RUNPATH_SEARCH_PATHS = (
					"$(inherited)",
					"@executable_path/Frameworks",
				);
				PRODUCT_BUNDLE_IDENTIFIER = com.yama.Sample;
				PRODUCT_NAME = "$(TARGET_NAME)";
				SWIFT_VERSION = 5.0;
				TARGETED_DEVICE_FAMILY = "1,2";
			};
			name = Release;
		};
/* End XCBuildConfiguration section */

/* Begin XCConfigurationList section */
		D07EBF7A26AE43CF00877573 /* Build configuration list for PBXProject "Sample" */ = {
			isa = XCConfigurationList;
			buildConfigurations = (
				D07EBF9126AE43D000877573 /* Debug */,
				D07EBF9226AE43D000877573 /* Release */,
			);
			defaultConfigurationIsVisible = 0;
			defaultConfigurationName = Release;
		};
		D07EBF9326AE43D000877573 /* Build configuration list for PBXNativeTarget "Sample" */ = {
			isa = XCConfigurationList;
			buildConfigurations = (
				D07EBF9426AE43D000877573 /* Debug */,
				D07EBF9526AE43D000877573 /* Release */,
			);
			defaultConfigurationIsVisible = 0;
			defaultConfigurationName = Release;
		};
/* End XCConfigurationList section */
	};
	rootObject = D07EBF7726AE43CF00877573 /* Project object */;
}
