// !$*UTF8*$!
{
	archiveVersion = 1;
	classes = {
	};
	objectVersion = 51;
	objects = {

/* Begin PBXBuildFile section */
		84B29BA4253475F300B16899 /* AppDelegate.swift in Sources */ = {isa = PBXBuildFile; fileRef = 84B29BA3253475F300B16899 /* AppDelegate.swift */; };
		84B29BA6253475F300B16899 /* SceneDelegate.swift in Sources */ = {isa = PBXBuildFile; fileRef = 84B29BA5253475F300B16899 /* SceneDelegate.swift */; };
		84B29BA8253475F300B16899 /* ViewController.swift in Sources */ = {isa = PBXBuildFile; fileRef = 84B29BA7253475F300B16899 /* ViewController.swift */; };
		84B29BAB253475F300B16899 /* Main.storyboard in Resources */ = {isa = PBXBuildFile; fileRef = 84B29BA9253475F300B16899 /* Main.storyboard */; };
		84B29BAD253475F600B16899 /* Assets.xcassets in Resources */ = {isa = PBXBuildFile; fileRef = 84B29BAC253475F600B16899 /* Assets.xcassets */; };
		84B29BB0253475F600B16899 /* LaunchScreen.storyboard in Resources */ = {isa = PBXBuildFile; fileRef = 84B29BAE253475F600B16899 /* LaunchScreen.storyboard */; };
		84C9C55025BA710D009C6F2D /* NetworkManager.swift in Sources */ = {isa = PBXBuildFile; fileRef = 84C9C54F25BA710D009C6F2D /* NetworkManager.swift */; };
		84C9C55325BA711A009C6F2D /* User.swift in Sources */ = {isa = PBXBuildFile; fileRef = 84C9C55225BA711A009C6F2D /* User.swift */; };
		84C9C56625BE85DA009C6F2D /* UserManager.swift in Sources */ = {isa = PBXBuildFile; fileRef = 84C9C56525BE85DA009C6F2D /* UserManager.swift */; };
		84FFC480253EF60D00595EE1 /* ViewModel.swift in Sources */ = {isa = PBXBuildFile; fileRef = 84FFC47F253EF60D00595EE1 /* ViewModel.swift */; };
		9017D622C96F4FE450C82FB0 /* Pods_RxSwiftPractice.framework in Frameworks */ = {isa = PBXBuildFile; fileRef = E7D5D3DD08DF1D81E236572F /* Pods_RxSwiftPractice.framework */; };
/* End PBXBuildFile section */

/* Begin PBXFileReference section */
		84B29BA0253475F300B16899 /* RxSwiftPractice.app */ = {isa = PBXFileReference; explicitFileType = wrapper.application; includeInIndex = 0; path = RxSwiftPractice.app; sourceTree = BUILT_PRODUCTS_DIR; };
		84B29BA3253475F300B16899 /* AppDelegate.swift */ = {isa = PBXFileReference; lastKnownFileType = sourcecode.swift; path = AppDelegate.swift; sourceTree = "<group>"; };
		84B29BA5253475F300B16899 /* SceneDelegate.swift */ = {isa = PBXFileReference; lastKnownFileType = sourcecode.swift; path = SceneDelegate.swift; sourceTree = "<group>"; };
		84B29BA7253475F300B16899 /* ViewController.swift */ = {isa = PBXFileReference; lastKnownFileType = sourcecode.swift; path = ViewController.swift; sourceTree = "<group>"; };
		84B29BAA253475F300B16899 /* Base */ = {isa = PBXFileReference; lastKnownFileType = file.storyboard; name = Base; path = Base.lproj/Main.storyboard; sourceTree = "<group>"; };
		84B29BAC253475F600B16899 /* Assets.xcassets */ = {isa = PBXFileReference; lastKnownFileType = folder.assetcatalog; path = Assets.xcassets; sourceTree = "<group>"; };
		84B29BAF253475F600B16899 /* Base */ = {isa = PBXFileReference; lastKnownFileType = file.storyboard; name = Base; path = Base.lproj/LaunchScreen.storyboard; sourceTree = "<group>"; };
		84B29BB1253475F600B16899 /* Info.plist */ = {isa = PBXFileReference; lastKnownFileType = text.plist.xml; path = Info.plist; sourceTree = "<group>"; };
		84C9C54F25BA710D009C6F2D /* NetworkManager.swift */ = {isa = PBXFileReference; lastKnownFileType = sourcecode.swift; path = NetworkManager.swift; sourceTree = "<group>"; };
		84C9C55225BA711A009C6F2D /* User.swift */ = {isa = PBXFileReference; lastKnownFileType = sourcecode.swift; path = User.swift; sourceTree = "<group>"; };
		84C9C56525BE85DA009C6F2D /* UserManager.swift */ = {isa = PBXFileReference; lastKnownFileType = sourcecode.swift; path = UserManager.swift; sourceTree = "<group>"; };
		84FFC47F253EF60D00595EE1 /* ViewModel.swift */ = {isa = PBXFileReference; lastKnownFileType = sourcecode.swift; path = ViewModel.swift; sourceTree = "<group>"; };
		D1682104484105FD9DE4D4A9 /* Pods-RxSwiftPractice.debug.xcconfig */ = {isa = PBXFileReference; includeInIndex = 1; lastKnownFileType = text.xcconfig; name = "Pods-RxSwiftPractice.debug.xcconfig"; path = "Target Support Files/Pods-RxSwiftPractice/Pods-RxSwiftPractice.debug.xcconfig"; sourceTree = "<group>"; };
		E7D5D3DD08DF1D81E236572F /* Pods_RxSwiftPractice.framework */ = {isa = PBXFileReference; explicitFileType = wrapper.framework; includeInIndex = 0; path = Pods_RxSwiftPractice.framework; sourceTree = BUILT_PRODUCTS_DIR; };
		F586E9D637EE344FB28DFF17 /* Pods-RxSwiftPractice.release.xcconfig */ = {isa = PBXFileReference; includeInIndex = 1; lastKnownFileType = text.xcconfig; name = "Pods-RxSwiftPractice.release.xcconfig"; path = "Target Support Files/Pods-RxSwiftPractice/Pods-RxSwiftPractice.release.xcconfig"; sourceTree = "<group>"; };
/* End PBXFileReference section */

/* Begin PBXFrameworksBuildPhase section */
		84B29B9D253475F300B16899 /* Frameworks */ = {
			isa = PBXFrameworksBuildPhase;
			buildActionMask = 2147483647;
			files = (
				9017D622C96F4FE450C82FB0 /* Pods_RxSwiftPractice.framework in Frameworks */,
			);
			runOnlyForDeploymentPostprocessing = 0;
		};
/* End PBXFrameworksBuildPhase section */

/* Begin PBXGroup section */
		84B29B97253475F300B16899 = {
			isa = PBXGroup;
			children = (
				84B29BA2253475F300B16899 /* RxSwiftPractice */,
				84B29BA1253475F300B16899 /* Products */,
				CFB957F620B07B6FAE112A57 /* Pods */,
				CD7A6400C8B536FF122E4BFC /* Frameworks */,
			);
			sourceTree = "<group>";
		};
		84B29BA1253475F300B16899 /* Products */ = {
			isa = PBXGroup;
			children = (
				84B29BA0253475F300B16899 /* RxSwiftPractice.app */,
			);
			name = Products;
			sourceTree = "<group>";
		};
		84B29BA2253475F300B16899 /* RxSwiftPractice */ = {
			isa = PBXGroup;
			children = (
				84C9C52925B7FBC8009C6F2D /* View */,
				84C9C52825B7F8E9009C6F2D /* ViewModel */,
				84C9C52725B7F8DF009C6F2D /* Model */,
				84B29BA3253475F300B16899 /* AppDelegate.swift */,
				84B29BA5253475F300B16899 /* SceneDelegate.swift */,
				84B29BA9253475F300B16899 /* Main.storyboard */,
				84B29BAC253475F600B16899 /* Assets.xcassets */,
				84B29BAE253475F600B16899 /* LaunchScreen.storyboard */,
				84B29BB1253475F600B16899 /* Info.plist */,
			);
			path = RxSwiftPractice;
			sourceTree = "<group>";
		};
		84C9C52725B7F8DF009C6F2D /* Model */ = {
			isa = PBXGroup;
			children = (
				84C9C54F25BA710D009C6F2D /* NetworkManager.swift */,
				84C9C55225BA711A009C6F2D /* User.swift */,
				84C9C56525BE85DA009C6F2D /* UserManager.swift */,
			);
			path = Model;
			sourceTree = "<group>";
		};
		84C9C52825B7F8E9009C6F2D /* ViewModel */ = {
			isa = PBXGroup;
			children = (
				84FFC47F253EF60D00595EE1 /* ViewModel.swift */,
			);
			path = ViewModel;
			sourceTree = "<group>";
		};
		84C9C52925B7FBC8009C6F2D /* View */ = {
			isa = PBXGroup;
			children = (
				84B29BA7253475F300B16899 /* ViewController.swift */,
			);
			path = View;
			sourceTree = "<group>";
		};
		CD7A6400C8B536FF122E4BFC /* Frameworks */ = {
			isa = PBXGroup;
			children = (
				E7D5D3DD08DF1D81E236572F /* Pods_RxSwiftPractice.framework */,
			);
			name = Frameworks;
			sourceTree = "<group>";
		};
		CFB957F620B07B6FAE112A57 /* Pods */ = {
			isa = PBXGroup;
			children = (
				D1682104484105FD9DE4D4A9 /* Pods-RxSwiftPractice.debug.xcconfig */,
				F586E9D637EE344FB28DFF17 /* Pods-RxSwiftPractice.release.xcconfig */,
			);
			path = Pods;
			sourceTree = "<group>";
		};
/* End PBXGroup section */

/* Begin PBXNativeTarget section */
		84B29B9F253475F300B16899 /* RxSwiftPractice */ = {
			isa = PBXNativeTarget;
			buildConfigurationList = 84B29BB4253475F600B16899 /* Build configuration list for PBXNativeTarget "RxSwiftPractice" */;
			buildPhases = (
				1EE79F474B78504ABC0FFED0 /* [CP] Check Pods Manifest.lock */,
				84B29B9C253475F300B16899 /* Sources */,
				84B29B9D253475F300B16899 /* Frameworks */,
				84B29B9E253475F300B16899 /* Resources */,
				68D71D4F681B34375E768B38 /* [CP] Embed Pods Frameworks */,
			);
			buildRules = (
			);
			dependencies = (
			);
			name = RxSwiftPractice;
			productName = RxSwiftPractice;
			productReference = 84B29BA0253475F300B16899 /* RxSwiftPractice.app */;
			productType = "com.apple.product-type.application";
		};
/* End PBXNativeTarget section */

/* Begin PBXProject section */
		84B29B98253475F300B16899 /* Project object */ = {
			isa = PBXProject;
			attributes = {
				LastSwiftUpdateCheck = 1200;
				LastUpgradeCheck = 1200;
				TargetAttributes = {
					84B29B9F253475F300B16899 = {
						CreatedOnToolsVersion = 12.0.1;
					};
				};
			};
			buildConfigurationList = 84B29B9B253475F300B16899 /* Build configuration list for PBXProject "RxSwiftPractice" */;
			compatibilityVersion = "Xcode 9.3";
			developmentRegion = en;
			hasScannedForEncodings = 0;
			knownRegions = (
				en,
				Base,
			);
			mainGroup = 84B29B97253475F300B16899;
			productRefGroup = 84B29BA1253475F300B16899 /* Products */;
			projectDirPath = "";
			projectRoot = "";
			targets = (
				84B29B9F253475F300B16899 /* RxSwiftPractice */,
			);
		};
/* End PBXProject section */

/* Begin PBXResourcesBuildPhase section */
		84B29B9E253475F300B16899 /* Resources */ = {
			isa = PBXResourcesBuildPhase;
			buildActionMask = 2147483647;
			files = (
				84B29BB0253475F600B16899 /* LaunchScreen.storyboard in Resources */,
				84B29BAD253475F600B16899 /* Assets.xcassets in Resources */,
				84B29BAB253475F300B16899 /* Main.storyboard in Resources */,
			);
			runOnlyForDeploymentPostprocessing = 0;
		};
/* End PBXResourcesBuildPhase section */

/* Begin PBXShellScriptBuildPhase section */
		1EE79F474B78504ABC0FFED0 /* [CP] Check Pods Manifest.lock */ = {
			isa = PBXShellScriptBuildPhase;
			buildActionMask = 2147483647;
			files = (
			);
			inputFileListPaths = (
			);
			inputPaths = (
				"${PODS_PODFILE_DIR_PATH}/Podfile.lock",
				"${PODS_ROOT}/Manifest.lock",
			);
			name = "[CP] Check Pods Manifest.lock";
			outputFileListPaths = (
			);
			outputPaths = (
				"$(DERIVED_FILE_DIR)/Pods-RxSwiftPractice-checkManifestLockResult.txt",
			);
			runOnlyForDeploymentPostprocessing = 0;
			shellPath = /bin/sh;
			shellScript = "diff \"${PODS_PODFILE_DIR_PATH}/Podfile.lock\" \"${PODS_ROOT}/Manifest.lock\" > /dev/null\nif [ $? != 0 ] ; then\n    # print error to STDERR\n    echo \"error: The sandbox is not in sync with the Podfile.lock. Run 'pod install' or update your CocoaPods installation.\" >&2\n    exit 1\nfi\n# This output is used by Xcode 'outputs' to avoid re-running this script phase.\necho \"SUCCESS\" > \"${SCRIPT_OUTPUT_FILE_0}\"\n";
			showEnvVarsInLog = 0;
		};
		68D71D4F681B34375E768B38 /* [CP] Embed Pods Frameworks */ = {
			isa = PBXShellScriptBuildPhase;
			buildActionMask = 2147483647;
			files = (
			);
			inputFileListPaths = (
				"${PODS_ROOT}/Target Support Files/Pods-RxSwiftPractice/Pods-RxSwiftPractice-frameworks-${CONFIGURATION}-input-files.xcfilelist",
			);
			name = "[CP] Embed Pods Frameworks";
			outputFileListPaths = (
				"${PODS_ROOT}/Target Support Files/Pods-RxSwiftPractice/Pods-RxSwiftPractice-frameworks-${CONFIGURATION}-output-files.xcfilelist",
			);
			runOnlyForDeploymentPostprocessing = 0;
			shellPath = /bin/sh;
			shellScript = "\"${PODS_ROOT}/Target Support Files/Pods-RxSwiftPractice/Pods-RxSwiftPractice-frameworks.sh\"\n";
			showEnvVarsInLog = 0;
		};
/* End PBXShellScriptBuildPhase section */

/* Begin PBXSourcesBuildPhase section */
		84B29B9C253475F300B16899 /* Sources */ = {
			isa = PBXSourcesBuildPhase;
			buildActionMask = 2147483647;
			files = (
				84B29BA8253475F300B16899 /* ViewController.swift in Sources */,
				84FFC480253EF60D00595EE1 /* ViewModel.swift in Sources */,
				84C9C56625BE85DA009C6F2D /* UserManager.swift in Sources */,
				84C9C55325BA711A009C6F2D /* User.swift in Sources */,
				84C9C55025BA710D009C6F2D /* NetworkManager.swift in Sources */,
				84B29BA4253475F300B16899 /* AppDelegate.swift in Sources */,
				84B29BA6253475F300B16899 /* SceneDelegate.swift in Sources */,
			);
			runOnlyForDeploymentPostprocessing = 0;
		};
/* End PBXSourcesBuildPhase section */

/* Begin PBXVariantGroup section */
		84B29BA9253475F300B16899 /* Main.storyboard */ = {
			isa = PBXVariantGroup;
			children = (
				84B29BAA253475F300B16899 /* Base */,
			);
			name = Main.storyboard;
			sourceTree = "<group>";
		};
		84B29BAE253475F600B16899 /* LaunchScreen.storyboard */ = {
			isa = PBXVariantGroup;
			children = (
				84B29BAF253475F600B16899 /* Base */,
			);
			name = LaunchScreen.storyboard;
			sourceTree = "<group>";
		};
/* End PBXVariantGroup section */

/* Begin XCBuildConfiguration section */
		84B29BB2253475F600B16899 /* Debug */ = {
			isa = XCBuildConfiguration;
			buildSettings = {
				ALWAYS_SEARCH_USER_PATHS = NO;
				CLANG_ANALYZER_NONNULL = YES;
				CLANG_ANALYZER_NUMBER_OBJECT_CONVERSION = YES_AGGRESSIVE;
				CLANG_CXX_LANGUAGE_STANDARD = "gnu++14";
				CLANG_CXX_LIBRARY = "libc++";
				CLANG_ENABLE_MODULES = YES;
				CLANG_ENABLE_OBJC_ARC = YES;
				CLANG_ENABLE_OBJC_WEAK = YES;
				CLANG_WARN_BLOCK_CAPTURE_AUTORELEASING = YES;
				CLANG_WARN_BOOL_CONVERSION = YES;
				CLANG_WARN_COMMA = YES;
				CLANG_WARN_CONSTANT_CONVERSION = YES;
				CLANG_WARN_DEPRECATED_OBJC_IMPLEMENTATIONS = YES;
				CLANG_WARN_DIRECT_OBJC_ISA_USAGE = YES_ERROR;
				CLANG_WARN_DOCUMENTATION_COMMENTS = YES;
				CLANG_WARN_EMPTY_BODY = YES;
				CLANG_WARN_ENUM_CONVERSION = YES;
				CLANG_WARN_INFINITE_RECURSION = YES;
				CLANG_WARN_INT_CONVERSION = YES;
				CLANG_WARN_NON_LITERAL_NULL_CONVERSION = YES;
				CLANG_WARN_OBJC_IMPLICIT_RETAIN_SELF = YES;
				CLANG_WARN_OBJC_LITERAL_CONVERSION = YES;
				CLANG_WARN_OBJC_ROOT_CLASS = YES_ERROR;
				CLANG_WARN_QUOTED_INCLUDE_IN_FRAMEWORK_HEADER = YES;
				CLANG_WARN_RANGE_LOOP_ANALYSIS = YES;
				CLANG_WARN_STRICT_PROTOTYPES = YES;
				CLANG_WARN_SUSPICIOUS_MOVE = YES;
				CLANG_WARN_UNGUARDED_AVAILABILITY = YES_AGGRESSIVE;
				CLANG_WARN_UNREACHABLE_CODE = YES;
				CLANG_WARN__DUPLICATE_METHOD_MATCH = YES;
				COPY_PHASE_STRIP = NO;
				DEBUG_INFORMATION_FORMAT = dwarf;
				ENABLE_STRICT_OBJC_MSGSEND = YES;
				ENABLE_TESTABILITY = YES;
				GCC_C_LANGUAGE_STANDARD = gnu11;
				GCC_DYNAMIC_NO_PIC = NO;
				GCC_NO_COMMON_BLOCKS = YES;
				GCC_OPTIMIZATION_LEVEL = 0;
				GCC_PREPROCESSOR_DEFINITIONS = (
					"DEBUG=1",
					"$(inherited)",
				);
				GCC_WARN_64_TO_32_BIT_CONVERSION = YES;
				GCC_WARN_ABOUT_RETURN_TYPE = YES_ERROR;
				GCC_WARN_UNDECLARED_SELECTOR = YES;
				GCC_WARN_UNINITIALIZED_AUTOS = YES_AGGRESSIVE;
				GCC_WARN_UNUSED_FUNCTION = YES;
				GCC_WARN_UNUSED_VARIABLE = YES;
				IPHONEOS_DEPLOYMENT_TARGET = 14.0;
				MTL_ENABLE_DEBUG_INFO = INCLUDE_SOURCE;
				MTL_FAST_MATH = YES;
				ONLY_ACTIVE_ARCH = YES;
				SDKROOT = iphoneos;
				SWIFT_ACTIVE_COMPILATION_CONDITIONS = DEBUG;
				SWIFT_OPTIMIZATION_LEVEL = "-Onone";
			};
			name = Debug;
		};
		84B29BB3253475F600B16899 /* Release */ = {
			isa = XCBuildConfiguration;
			buildSettings = {
				ALWAYS_SEARCH_USER_PATHS = NO;
				CLANG_ANALYZER_NONNULL = YES;
				CLANG_ANALYZER_NUMBER_OBJECT_CONVERSION = YES_AGGRESSIVE;
				CLANG_CXX_LANGUAGE_STANDARD = "gnu++14";
				CLANG_CXX_LIBRARY = "libc++";
				CLANG_ENABLE_MODULES = YES;
				CLANG_ENABLE_OBJC_ARC = YES;
				CLANG_ENABLE_OBJC_WEAK = YES;
				CLANG_WARN_BLOCK_CAPTURE_AUTORELEASING = YES;
				CLANG_WARN_BOOL_CONVERSION = YES;
				CLANG_WARN_COMMA = YES;
				CLANG_WARN_CONSTANT_CONVERSION = YES;
				CLANG_WARN_DEPRECATED_OBJC_IMPLEMENTATIONS = YES;
				CLANG_WARN_DIRECT_OBJC_ISA_USAGE = YES_ERROR;
				CLANG_WARN_DOCUMENTATION_COMMENTS = YES;
				CLANG_WARN_EMPTY_BODY = YES;
				CLANG_WARN_ENUM_CONVERSION = YES;
				CLANG_WARN_INFINITE_RECURSION = YES;
				CLANG_WARN_INT_CONVERSION = YES;
				CLANG_WARN_NON_LITERAL_NULL_CONVERSION = YES;
				CLANG_WARN_OBJC_IMPLICIT_RETAIN_SELF = YES;
				CLANG_WARN_OBJC_LITERAL_CONVERSION = YES;
				CLANG_WARN_OBJC_ROOT_CLASS = YES_ERROR;
				CLANG_WARN_QUOTED_INCLUDE_IN_FRAMEWORK_HEADER = YES;
				CLANG_WARN_RANGE_LOOP_ANALYSIS = YES;
				CLANG_WARN_STRICT_PROTOTYPES = YES;
				CLANG_WARN_SUSPICIOUS_MOVE = YES;
				CLANG_WARN_UNGUARDED_AVAILABILITY = YES_AGGRESSIVE;
				CLANG_WARN_UNREACHABLE_CODE = YES;
				CLANG_WARN__DUPLICATE_METHOD_MATCH = YES;
				COPY_PHASE_STRIP = NO;
				DEBUG_INFORMATION_FORMAT = "dwarf-with-dsym";
				ENABLE_NS_ASSERTIONS = NO;
				ENABLE_STRICT_OBJC_MSGSEND = YES;
				GCC_C_LANGUAGE_STANDARD = gnu11;
				GCC_NO_COMMON_BLOCKS = YES;
				GCC_WARN_64_TO_32_BIT_CONVERSION = YES;
				GCC_WARN_ABOUT_RETURN_TYPE = YES_ERROR;
				GCC_WARN_UNDECLARED_SELECTOR = YES;
				GCC_WARN_UNINITIALIZED_AUTOS = YES_AGGRESSIVE;
				GCC_WARN_UNUSED_FUNCTION = YES;
				GCC_WARN_UNUSED_VARIABLE = YES;
				IPHONEOS_DEPLOYMENT_TARGET = 14.0;
				MTL_ENABLE_DEBUG_INFO = NO;
				MTL_FAST_MATH = YES;
				SDKROOT = iphoneos;
				SWIFT_COMPILATION_MODE = wholemodule;
				SWIFT_OPTIMIZATION_LEVEL = "-O";
				VALIDATE_PRODUCT = YES;
			};
			name = Release;
		};
		84B29BB5253475F600B16899 /* Debug */ = {
			isa = XCBuildConfiguration;
			baseConfigurationReference = D1682104484105FD9DE4D4A9 /* Pods-RxSwiftPractice.debug.xcconfig */;
			buildSettings = {
				ASSETCATALOG_COMPILER_APPICON_NAME = AppIcon;
				ASSETCATALOG_COMPILER_GLOBAL_ACCENT_COLOR_NAME = AccentColor;
				CODE_SIGN_STYLE = Automatic;
				INFOPLIST_FILE = RxSwiftPractice/Info.plist;
				LD_RUNPATH_SEARCH_PATHS = (
					"$(inherited)",
					"@executable_path/Frameworks",
				);
				PRODUCT_BUNDLE_IDENTIFIER = yamaguchi.RxSwiftPractice;
				PRODUCT_NAME = "$(TARGET_NAME)";
				SWIFT_VERSION = 5.0;
				TARGETED_DEVICE_FAMILY = "1,2";
			};
			name = Debug;
		};
		84B29BB6253475F600B16899 /* Release */ = {
			isa = XCBuildConfiguration;
			baseConfigurationReference = F586E9D637EE344FB28DFF17 /* Pods-RxSwiftPractice.release.xcconfig */;
			buildSettings = {
				ASSETCATALOG_COMPILER_APPICON_NAME = AppIcon;
				ASSETCATALOG_COMPILER_GLOBAL_ACCENT_COLOR_NAME = AccentColor;
				CODE_SIGN_STYLE = Automatic;
				INFOPLIST_FILE = RxSwiftPractice/Info.plist;
				LD_RUNPATH_SEARCH_PATHS = (
					"$(inherited)",
					"@executable_path/Frameworks",
				);
				PRODUCT_BUNDLE_IDENTIFIER = yamaguchi.RxSwiftPractice;
				PRODUCT_NAME = "$(TARGET_NAME)";
				SWIFT_VERSION = 5.0;
				TARGETED_DEVICE_FAMILY = "1,2";
			};
			name = Release;
		};
/* End XCBuildConfiguration section */

/* Begin XCConfigurationList section */
		84B29B9B253475F300B16899 /* Build configuration list for PBXProject "RxSwiftPractice" */ = {
			isa = XCConfigurationList;
			buildConfigurations = (
				84B29BB2253475F600B16899 /* Debug */,
				84B29BB3253475F600B16899 /* Release */,
			);
			defaultConfigurationIsVisible = 0;
			defaultConfigurationName = Release;
		};
		84B29BB4253475F600B16899 /* Build configuration list for PBXNativeTarget "RxSwiftPractice" */ = {
			isa = XCConfigurationList;
			buildConfigurations = (
				84B29BB5253475F600B16899 /* Debug */,
				84B29BB6253475F600B16899 /* Release */,
			);
			defaultConfigurationIsVisible = 0;
			defaultConfigurationName = Release;
		};
/* End XCConfigurationList section */
	};
	rootObject = 84B29B98253475F300B16899 /* Project object */;
}
