// !$*UTF8*$!
{
	archiveVersion = 1;
	classes = {
	};
	objectVersion = 48;
	objects = {

/* Begin PBXBuildFile section */
		84835DF91FD4523B00248B5B /* AppDelegate.swift in Sources */ = {isa = PBXBuildFile; fileRef = 84835DF81FD4523B00248B5B /* AppDelegate.swift */; };
		84835DFB1FD4523B00248B5B /* ViewController.swift in Sources */ = {isa = PBXBuildFile; fileRef = 84835DFA1FD4523B00248B5B /* ViewController.swift */; };
		84835DFE1FD4523B00248B5B /* Main.storyboard in Resources */ = {isa = PBXBuildFile; fileRef = 84835DFC1FD4523B00248B5B /* Main.storyboard */; };
		84835E001FD4523B00248B5B /* Assets.xcassets in Resources */ = {isa = PBXBuildFile; fileRef = 84835DFF1FD4523B00248B5B /* Assets.xcassets */; };
		84835E031FD4523B00248B5B /* LaunchScreen.storyboard in Resources */ = {isa = PBXBuildFile; fileRef = 84835E011FD4523B00248B5B /* LaunchScreen.storyboard */; };
		84835E0B1FD461E100248B5B /* NetworkManager.swift in Sources */ = {isa = PBXBuildFile; fileRef = 84835E0A1FD461E100248B5B /* NetworkManager.swift */; };
		84835E0D1FD462CA00248B5B /* GCDSnippet.swift in Sources */ = {isa = PBXBuildFile; fileRef = 84835E0C1FD462CA00248B5B /* GCDSnippet.swift */; };
		849E0E1F1FDC094E00E7DDFF /* ArrayDictionarySnippet.swift in Sources */ = {isa = PBXBuildFile; fileRef = 849E0E1E1FDC094E00E7DDFF /* ArrayDictionarySnippet.swift */; };
		849E0E3F1FDC254A00E7DDFF /* PropertySample.swift in Sources */ = {isa = PBXBuildFile; fileRef = 849E0E3E1FDC254A00E7DDFF /* PropertySample.swift */; };
		849E0E411FDC38B900E7DDFF /* EnumSample.swift in Sources */ = {isa = PBXBuildFile; fileRef = 849E0E401FDC38B900E7DDFF /* EnumSample.swift */; };
/* End PBXBuildFile section */

/* Begin PBXFileReference section */
		84835DF51FD4523B00248B5B /* SampleSnippet.app */ = {isa = PBXFileReference; explicitFileType = wrapper.application; includeInIndex = 0; path = SampleSnippet.app; sourceTree = BUILT_PRODUCTS_DIR; };
		84835DF81FD4523B00248B5B /* AppDelegate.swift */ = {isa = PBXFileReference; lastKnownFileType = sourcecode.swift; path = AppDelegate.swift; sourceTree = "<group>"; };
		84835DFA1FD4523B00248B5B /* ViewController.swift */ = {isa = PBXFileReference; lastKnownFileType = sourcecode.swift; path = ViewController.swift; sourceTree = "<group>"; };
		84835DFD1FD4523B00248B5B /* Base */ = {isa = PBXFileReference; lastKnownFileType = file.storyboard; name = Base; path = Base.lproj/Main.storyboard; sourceTree = "<group>"; };
		84835DFF1FD4523B00248B5B /* Assets.xcassets */ = {isa = PBXFileReference; lastKnownFileType = folder.assetcatalog; path = Assets.xcassets; sourceTree = "<group>"; };
		84835E021FD4523B00248B5B /* Base */ = {isa = PBXFileReference; lastKnownFileType = file.storyboard; name = Base; path = Base.lproj/LaunchScreen.storyboard; sourceTree = "<group>"; };
		84835E041FD4523B00248B5B /* Info.plist */ = {isa = PBXFileReference; lastKnownFileType = text.plist.xml; path = Info.plist; sourceTree = "<group>"; };
		84835E0A1FD461E100248B5B /* NetworkManager.swift */ = {isa = PBXFileReference; lastKnownFileType = sourcecode.swift; path = NetworkManager.swift; sourceTree = "<group>"; };
		84835E0C1FD462CA00248B5B /* GCDSnippet.swift */ = {isa = PBXFileReference; lastKnownFileType = sourcecode.swift; path = GCDSnippet.swift; sourceTree = "<group>"; };
		849E0E1E1FDC094E00E7DDFF /* ArrayDictionarySnippet.swift */ = {isa = PBXFileReference; lastKnownFileType = sourcecode.swift; path = ArrayDictionarySnippet.swift; sourceTree = "<group>"; };
		849E0E3E1FDC254A00E7DDFF /* PropertySample.swift */ = {isa = PBXFileReference; lastKnownFileType = sourcecode.swift; path = PropertySample.swift; sourceTree = "<group>"; };
		849E0E401FDC38B900E7DDFF /* EnumSample.swift */ = {isa = PBXFileReference; lastKnownFileType = sourcecode.swift; path = EnumSample.swift; sourceTree = "<group>"; };
/* End PBXFileReference section */

/* Begin PBXFrameworksBuildPhase section */
		84835DF21FD4523B00248B5B /* Frameworks */ = {
			isa = PBXFrameworksBuildPhase;
			buildActionMask = 2147483647;
			files = (
			);
			runOnlyForDeploymentPostprocessing = 0;
		};
/* End PBXFrameworksBuildPhase section */

/* Begin PBXGroup section */
		84835DEC1FD4523B00248B5B = {
			isa = PBXGroup;
			children = (
				84835DF71FD4523B00248B5B /* SampleSnippet */,
				84835DF61FD4523B00248B5B /* Products */,
			);
			sourceTree = "<group>";
		};
		84835DF61FD4523B00248B5B /* Products */ = {
			isa = PBXGroup;
			children = (
				84835DF51FD4523B00248B5B /* SampleSnippet.app */,
			);
			name = Products;
			sourceTree = "<group>";
		};
		84835DF71FD4523B00248B5B /* SampleSnippet */ = {
			isa = PBXGroup;
			children = (
				84835DF81FD4523B00248B5B /* AppDelegate.swift */,
				84835DFA1FD4523B00248B5B /* ViewController.swift */,
				84835DFC1FD4523B00248B5B /* Main.storyboard */,
				84835E011FD4523B00248B5B /* LaunchScreen.storyboard */,
				84835E041FD4523B00248B5B /* Info.plist */,
				84835E0A1FD461E100248B5B /* NetworkManager.swift */,
				84835E0C1FD462CA00248B5B /* GCDSnippet.swift */,
				849E0E1E1FDC094E00E7DDFF /* ArrayDictionarySnippet.swift */,
				849E0E3E1FDC254A00E7DDFF /* PropertySample.swift */,
				849E0E401FDC38B900E7DDFF /* EnumSample.swift */,
				84835DFF1FD4523B00248B5B /* Assets.xcassets */,
			);
			path = SampleSnippet;
			sourceTree = "<group>";
		};
/* End PBXGroup section */

/* Begin PBXNativeTarget section */
		84835DF41FD4523B00248B5B /* SampleSnippet */ = {
			isa = PBXNativeTarget;
			buildConfigurationList = 84835E071FD4523B00248B5B /* Build configuration list for PBXNativeTarget "SampleSnippet" */;
			buildPhases = (
				84835DF11FD4523B00248B5B /* Sources */,
				84835DF21FD4523B00248B5B /* Frameworks */,
				84835DF31FD4523B00248B5B /* Resources */,
			);
			buildRules = (
			);
			dependencies = (
			);
			name = SampleSnippet;
			productName = SampleSnippet;
			productReference = 84835DF51FD4523B00248B5B /* SampleSnippet.app */;
			productType = "com.apple.product-type.application";
		};
/* End PBXNativeTarget section */

/* Begin PBXProject section */
		84835DED1FD4523B00248B5B /* Project object */ = {
			isa = PBXProject;
			attributes = {
				LastSwiftUpdateCheck = 0910;
				LastUpgradeCheck = 1230;
				ORGANIZATIONNAME = admin;
				TargetAttributes = {
					84835DF41FD4523B00248B5B = {
						CreatedOnToolsVersion = 9.1;
						LastSwiftMigration = 1230;
						ProvisioningStyle = Automatic;
					};
				};
			};
			buildConfigurationList = 84835DF01FD4523B00248B5B /* Build configuration list for PBXProject "SampleSnippet" */;
			compatibilityVersion = "Xcode 8.0";
			developmentRegion = en;
			hasScannedForEncodings = 0;
			knownRegions = (
				en,
				Base,
			);
			mainGroup = 84835DEC1FD4523B00248B5B;
			productRefGroup = 84835DF61FD4523B00248B5B /* Products */;
			projectDirPath = "";
			projectRoot = "";
			targets = (
				84835DF41FD4523B00248B5B /* SampleSnippet */,
			);
		};
/* End PBXProject section */

/* Begin PBXResourcesBuildPhase section */
		84835DF31FD4523B00248B5B /* Resources */ = {
			isa = PBXResourcesBuildPhase;
			buildActionMask = 2147483647;
			files = (
				84835E031FD4523B00248B5B /* LaunchScreen.storyboard in Resources */,
				84835E001FD4523B00248B5B /* Assets.xcassets in Resources */,
				84835DFE1FD4523B00248B5B /* Main.storyboard in Resources */,
			);
			runOnlyForDeploymentPostprocessing = 0;
		};
/* End PBXResourcesBuildPhase section */

/* Begin PBXSourcesBuildPhase section */
		84835DF11FD4523B00248B5B /* Sources */ = {
			isa = PBXSourcesBuildPhase;
			buildActionMask = 2147483647;
			files = (
				849E0E3F1FDC254A00E7DDFF /* PropertySample.swift in Sources */,
				84835E0D1FD462CA00248B5B /* GCDSnippet.swift in Sources */,
				849E0E1F1FDC094E00E7DDFF /* ArrayDictionarySnippet.swift in Sources */,
				84835E0B1FD461E100248B5B /* NetworkManager.swift in Sources */,
				84835DFB1FD4523B00248B5B /* ViewController.swift in Sources */,
				849E0E411FDC38B900E7DDFF /* EnumSample.swift in Sources */,
				84835DF91FD4523B00248B5B /* AppDelegate.swift in Sources */,
			);
			runOnlyForDeploymentPostprocessing = 0;
		};
/* End PBXSourcesBuildPhase section */

/* Begin PBXVariantGroup section */
		84835DFC1FD4523B00248B5B /* Main.storyboard */ = {
			isa = PBXVariantGroup;
			children = (
				84835DFD1FD4523B00248B5B /* Base */,
			);
			name = Main.storyboard;
			sourceTree = "<group>";
		};
		84835E011FD4523B00248B5B /* LaunchScreen.storyboard */ = {
			isa = PBXVariantGroup;
			children = (
				84835E021FD4523B00248B5B /* Base */,
			);
			name = LaunchScreen.storyboard;
			sourceTree = "<group>";
		};
/* End PBXVariantGroup section */

/* Begin XCBuildConfiguration section */
		84835E051FD4523B00248B5B /* Debug */ = {
			isa = XCBuildConfiguration;
			buildSettings = {
				ALWAYS_SEARCH_USER_PATHS = NO;
				CLANG_ANALYZER_NONNULL = YES;
				CLANG_ANALYZER_NUMBER_OBJECT_CONVERSION = YES_AGGRESSIVE;
				CLANG_CXX_LANGUAGE_STANDARD = "gnu++14";
				CLANG_CXX_LIBRARY = "libc++";
				CLANG_ENABLE_MODULES = YES;
				CLANG_ENABLE_OBJC_ARC = YES;
				CLANG_WARN_BLOCK_CAPTURE_AUTORELEASING = YES;
				CLANG_WARN_BOOL_CONVERSION = YES;
				CLANG_WARN_COMMA = YES;
				CLANG_WARN_CONSTANT_CONVERSION = YES;
				CLANG_WARN_DEPRECATED_OBJC_IMPLEMENTATIONS = YES;
				CLANG_WARN_DIRECT_OBJC_ISA_USAGE = YES_ERROR;
				CLANG_WARN_DOCUMENTATION_COMMENTS = YES;
				CLANG_WARN_EMPTY_BODY = YES;
				CLANG_WARN_ENUM_CONVERSION = YES;
				CLANG_WARN_INFINITE_RECURSION = YES;
				CLANG_WARN_INT_CONVERSION = YES;
				CLANG_WARN_NON_LITERAL_NULL_CONVERSION = YES;
				CLANG_WARN_OBJC_IMPLICIT_RETAIN_SELF = YES;
				CLANG_WARN_OBJC_LITERAL_CONVERSION = YES;
				CLANG_WARN_OBJC_ROOT_CLASS = YES_ERROR;
				CLANG_WARN_QUOTED_INCLUDE_IN_FRAMEWORK_HEADER = YES;
				CLANG_WARN_RANGE_LOOP_ANALYSIS = YES;
				CLANG_WARN_STRICT_PROTOTYPES = YES;
				CLANG_WARN_SUSPICIOUS_MOVE = YES;
				CLANG_WARN_UNGUARDED_AVAILABILITY = YES_AGGRESSIVE;
				CLANG_WARN_UNREACHABLE_CODE = YES;
				CLANG_WARN__DUPLICATE_METHOD_MATCH = YES;
				CODE_SIGN_IDENTITY = "iPhone Developer";
				COPY_PHASE_STRIP = NO;
				DEBUG_INFORMATION_FORMAT = dwarf;
				ENABLE_STRICT_OBJC_MSGSEND = YES;
				ENABLE_TESTABILITY = YES;
				GCC_C_LANGUAGE_STANDARD = gnu11;
				GCC_DYNAMIC_NO_PIC = NO;
				GCC_NO_COMMON_BLOCKS = YES;
				GCC_OPTIMIZATION_LEVEL = 0;
				GCC_PREPROCESSOR_DEFINITIONS = (
					"DEBUG=1",
					"$(inherited)",
				);
				GCC_WARN_64_TO_32_BIT_CONVERSION = YES;
				GCC_WARN_ABOUT_RETURN_TYPE = YES_ERROR;
				GCC_WARN_UNDECLARED_SELECTOR = YES;
				GCC_WARN_UNINITIALIZED_AUTOS = YES_AGGRESSIVE;
				GCC_WARN_UNUSED_FUNCTION = YES;
				GCC_WARN_UNUSED_VARIABLE = YES;
				IPHONEOS_DEPLOYMENT_TARGET = 12.0;
				MTL_ENABLE_DEBUG_INFO = YES;
				ONLY_ACTIVE_ARCH = YES;
				OTHER_SWIFT_FLAGS = "-DSTAGING";
				SDKROOT = iphoneos;
				SWIFT_ACTIVE_COMPILATION_CONDITIONS = DEBUG;
				SWIFT_OPTIMIZATION_LEVEL = "-Onone";
			};
			name = Debug;
		};
		84835E061FD4523B00248B5B /* Release */ = {
			isa = XCBuildConfiguration;
			buildSettings = {
				ALWAYS_SEARCH_USER_PATHS = NO;
				CLANG_ANALYZER_NONNULL = YES;
				CLANG_ANALYZER_NUMBER_OBJECT_CONVERSION = YES_AGGRESSIVE;
				CLANG_CXX_LANGUAGE_STANDARD = "gnu++14";
				CLANG_CXX_LIBRARY = "libc++";
				CLANG_ENABLE_MODULES = YES;
				CLANG_ENABLE_OBJC_ARC = YES;
				CLANG_WARN_BLOCK_CAPTURE_AUTORELEASING = YES;
				CLANG_WARN_BOOL_CONVERSION = YES;
				CLANG_WARN_COMMA = YES;
				CLANG_WARN_CONSTANT_CONVERSION = YES;
				CLANG_WARN_DEPRECATED_OBJC_IMPLEMENTATIONS = YES;
				CLANG_WARN_DIRECT_OBJC_ISA_USAGE = YES_ERROR;
				CLANG_WARN_DOCUMENTATION_COMMENTS = YES;
				CLANG_WARN_EMPTY_BODY = YES;
				CLANG_WARN_ENUM_CONVERSION = YES;
				CLANG_WARN_INFINITE_RECURSION = YES;
				CLANG_WARN_INT_CONVERSION = YES;
				CLANG_WARN_NON_LITERAL_NULL_CONVERSION = YES;
				CLANG_WARN_OBJC_IMPLICIT_RETAIN_SELF = YES;
				CLANG_WARN_OBJC_LITERAL_CONVERSION = YES;
				CLANG_WARN_OBJC_ROOT_CLASS = YES_ERROR;
				CLANG_WARN_QUOTED_INCLUDE_IN_FRAMEWORK_HEADER = YES;
				CLANG_WARN_RANGE_LOOP_ANALYSIS = YES;
				CLANG_WARN_STRICT_PROTOTYPES = YES;
				CLANG_WARN_SUSPICIOUS_MOVE = YES;
				CLANG_WARN_UNGUARDED_AVAILABILITY = YES_AGGRESSIVE;
				CLANG_WARN_UNREACHABLE_CODE = YES;
				CLANG_WARN__DUPLICATE_METHOD_MATCH = YES;
				CODE_SIGN_IDENTITY = "iPhone Developer";
				COPY_PHASE_STRIP = NO;
				DEBUG_INFORMATION_FORMAT = "dwarf-with-dsym";
				ENABLE_NS_ASSERTIONS = NO;
				ENABLE_STRICT_OBJC_MSGSEND = YES;
				GCC_C_LANGUAGE_STANDARD = gnu11;
				GCC_NO_COMMON_BLOCKS = YES;
				GCC_WARN_64_TO_32_BIT_CONVERSION = YES;
				GCC_WARN_ABOUT_RETURN_TYPE = YES_ERROR;
				GCC_WARN_UNDECLARED_SELECTOR = YES;
				GCC_WARN_UNINITIALIZED_AUTOS = YES_AGGRESSIVE;
				GCC_WARN_UNUSED_FUNCTION = YES;
				GCC_WARN_UNUSED_VARIABLE = YES;
				IPHONEOS_DEPLOYMENT_TARGET = 12.0;
				MTL_ENABLE_DEBUG_INFO = NO;
				SDKROOT = iphoneos;
				SWIFT_OPTIMIZATION_LEVEL = "-Owholemodule";
				VALIDATE_PRODUCT = YES;
			};
			name = Release;
		};
		84835E081FD4523B00248B5B /* Debug */ = {
			isa = XCBuildConfiguration;
			buildSettings = {
				ASSETCATALOG_COMPILER_APPICON_NAME = AppIcon;
				CODE_SIGN_STYLE = Automatic;
				DEVELOPMENT_TEAM = 8GMPF7UH3B;
				GCC_PREPROCESSOR_DEFINITIONS = (
					"DEBUG=1",
					"$(inherited)",
					"STAGING=1",
				);
				INFOPLIST_FILE = SampleSnippet/Info.plist;
				LD_RUNPATH_SEARCH_PATHS = "$(inherited) @executable_path/Frameworks";
				PRODUCT_BUNDLE_IDENTIFIER = yamaguchi.SampleSnippet;
				PRODUCT_NAME = "$(TARGET_NAME)";
				SWIFT_VERSION = 5.0;
				TARGETED_DEVICE_FAMILY = "1,2";
			};
			name = Debug;
		};
		84835E091FD4523B00248B5B /* Release */ = {
			isa = XCBuildConfiguration;
			buildSettings = {
				ASSETCATALOG_COMPILER_APPICON_NAME = AppIcon;
				CODE_SIGN_STYLE = Automatic;
				DEVELOPMENT_TEAM = 8GMPF7UH3B;
				INFOPLIST_FILE = SampleSnippet/Info.plist;
				LD_RUNPATH_SEARCH_PATHS = "$(inherited) @executable_path/Frameworks";
				PRODUCT_BUNDLE_IDENTIFIER = yamaguchi.SampleSnippet;
				PRODUCT_NAME = "$(TARGET_NAME)";
				SWIFT_VERSION = 5.0;
				TARGETED_DEVICE_FAMILY = "1,2";
			};
			name = Release;
		};
/* End XCBuildConfiguration section */

/* Begin XCConfigurationList section */
		84835DF01FD4523B00248B5B /* Build configuration list for PBXProject "SampleSnippet" */ = {
			isa = XCConfigurationList;
			buildConfigurations = (
				84835E051FD4523B00248B5B /* Debug */,
				84835E061FD4523B00248B5B /* Release */,
			);
			defaultConfigurationIsVisible = 0;
			defaultConfigurationName = Release;
		};
		84835E071FD4523B00248B5B /* Build configuration list for PBXNativeTarget "SampleSnippet" */ = {
			isa = XCConfigurationList;
			buildConfigurations = (
				84835E081FD4523B00248B5B /* Debug */,
				84835E091FD4523B00248B5B /* Release */,
			);
			defaultConfigurationIsVisible = 0;
			defaultConfigurationName = Release;
		};
/* End XCConfigurationList section */
	};
	rootObject = 84835DED1FD4523B00248B5B /* Project object */;
}
