// !$*UTF8*$!
{
	archiveVersion = 1;
	classes = {
	};
	objectVersion = 52;
	objects = {

/* Begin PBXBuildFile section */
		D0393DDE26C7DB8D0069E05D /* Reachability in Frameworks */ = {isa = PBXBuildFile; productRef = D0393DDD26C7DB8D0069E05D /* Reachability */; };
		D0393DE126C7E1430069E05D /* CoreLocation.framework in Frameworks */ = {isa = PBXBuildFile; fileRef = D0393DE026C7E1430069E05D /* CoreLocation.framework */; };
		D0503D9B26C7C88C008E3B45 /* AppDelegate.swift in Sources */ = {isa = PBXBuildFile; fileRef = D0503D9A26C7C88C008E3B45 /* AppDelegate.swift */; };
		D0503D9D26C7C88C008E3B45 /* SceneDelegate.swift in Sources */ = {isa = PBXBuildFile; fileRef = D0503D9C26C7C88C008E3B45 /* SceneDelegate.swift */; };
		D0503D9F26C7C88C008E3B45 /* ViewController.swift in Sources */ = {isa = PBXBuildFile; fileRef = D0503D9E26C7C88C008E3B45 /* ViewController.swift */; };
		D0503DA226C7C88C008E3B45 /* Main.storyboard in Resources */ = {isa = PBXBuildFile; fileRef = D0503DA026C7C88C008E3B45 /* Main.storyboard */; };
		D0503DA426C7C88D008E3B45 /* Assets.xcassets in Resources */ = {isa = PBXBuildFile; fileRef = D0503DA326C7C88D008E3B45 /* Assets.xcassets */; };
		D0503DA726C7C88D008E3B45 /* LaunchScreen.storyboard in Resources */ = {isa = PBXBuildFile; fileRef = D0503DA526C7C88D008E3B45 /* LaunchScreen.storyboard */; };
		D0503DAF26C7C8A2008E3B45 /* WifiObserver.swift in Sources */ = {isa = PBXBuildFile; fileRef = D0503DAE26C7C8A2008E3B45 /* WifiObserver.swift */; };
		D0503DB126C7C8D3008E3B45 /* Log.swift in Sources */ = {isa = PBXBuildFile; fileRef = D0503DB026C7C8D3008E3B45 /* Log.swift */; };
/* End PBXBuildFile section */

/* Begin PBXFileReference section */
		D0393DE026C7E1430069E05D /* CoreLocation.framework */ = {isa = PBXFileReference; lastKnownFileType = wrapper.framework; name = CoreLocation.framework; path = System/Library/Frameworks/CoreLocation.framework; sourceTree = SDKROOT; };
		D0503D9726C7C88C008E3B45 /* Sample.app */ = {isa = PBXFileReference; explicitFileType = wrapper.application; includeInIndex = 0; path = Sample.app; sourceTree = BUILT_PRODUCTS_DIR; };
		D0503D9A26C7C88C008E3B45 /* AppDelegate.swift */ = {isa = PBXFileReference; lastKnownFileType = sourcecode.swift; path = AppDelegate.swift; sourceTree = "<group>"; };
		D0503D9C26C7C88C008E3B45 /* SceneDelegate.swift */ = {isa = PBXFileReference; lastKnownFileType = sourcecode.swift; path = SceneDelegate.swift; sourceTree = "<group>"; };
		D0503D9E26C7C88C008E3B45 /* ViewController.swift */ = {isa = PBXFileReference; lastKnownFileType = sourcecode.swift; path = ViewController.swift; sourceTree = "<group>"; };
		D0503DA126C7C88C008E3B45 /* Base */ = {isa = PBXFileReference; lastKnownFileType = file.storyboard; name = Base; path = Base.lproj/Main.storyboard; sourceTree = "<group>"; };
		D0503DA326C7C88D008E3B45 /* Assets.xcassets */ = {isa = PBXFileReference; lastKnownFileType = folder.assetcatalog; path = Assets.xcassets; sourceTree = "<group>"; };
		D0503DA626C7C88D008E3B45 /* Base */ = {isa = PBXFileReference; lastKnownFileType = file.storyboard; name = Base; path = Base.lproj/LaunchScreen.storyboard; sourceTree = "<group>"; };
		D0503DA826C7C88D008E3B45 /* Info.plist */ = {isa = PBXFileReference; lastKnownFileType = text.plist.xml; path = Info.plist; sourceTree = "<group>"; };
		D0503DAE26C7C8A2008E3B45 /* WifiObserver.swift */ = {isa = PBXFileReference; lastKnownFileType = sourcecode.swift; path = WifiObserver.swift; sourceTree = "<group>"; };
		D0503DB026C7C8D3008E3B45 /* Log.swift */ = {isa = PBXFileReference; lastKnownFileType = sourcecode.swift; path = Log.swift; sourceTree = "<group>"; };
/* End PBXFileReference section */

/* Begin PBXFrameworksBuildPhase section */
		D0503D9426C7C88C008E3B45 /* Frameworks */ = {
			isa = PBXFrameworksBuildPhase;
			buildActionMask = 2147483647;
			files = (
				D0393DE126C7E1430069E05D /* CoreLocation.framework in Frameworks */,
				D0393DDE26C7DB8D0069E05D /* Reachability in Frameworks */,
			);
			runOnlyForDeploymentPostprocessing = 0;
		};
/* End PBXFrameworksBuildPhase section */

/* Begin PBXGroup section */
		D0393DDF26C7E1430069E05D /* Frameworks */ = {
			isa = PBXGroup;
			children = (
				D0393DE026C7E1430069E05D /* CoreLocation.framework */,
			);
			name = Frameworks;
			sourceTree = "<group>";
		};
		D0503D8E26C7C88C008E3B45 = {
			isa = PBXGroup;
			children = (
				D0503D9926C7C88C008E3B45 /* Sample */,
				D0503D9826C7C88C008E3B45 /* Products */,
				D0393DDF26C7E1430069E05D /* Frameworks */,
			);
			sourceTree = "<group>";
		};
		D0503D9826C7C88C008E3B45 /* Products */ = {
			isa = PBXGroup;
			children = (
				D0503D9726C7C88C008E3B45 /* Sample.app */,
			);
			name = Products;
			sourceTree = "<group>";
		};
		D0503D9926C7C88C008E3B45 /* Sample */ = {
			isa = PBXGroup;
			children = (
				D0503D9A26C7C88C008E3B45 /* AppDelegate.swift */,
				D0503D9C26C7C88C008E3B45 /* SceneDelegate.swift */,
				D0503D9E26C7C88C008E3B45 /* ViewController.swift */,
				D0503DA026C7C88C008E3B45 /* Main.storyboard */,
				D0503DA326C7C88D008E3B45 /* Assets.xcassets */,
				D0503DA526C7C88D008E3B45 /* LaunchScreen.storyboard */,
				D0503DA826C7C88D008E3B45 /* Info.plist */,
				D0503DAE26C7C8A2008E3B45 /* WifiObserver.swift */,
				D0503DB026C7C8D3008E3B45 /* Log.swift */,
			);
			path = Sample;
			sourceTree = "<group>";
		};
/* End PBXGroup section */

/* Begin PBXNativeTarget section */
		D0503D9626C7C88C008E3B45 /* Sample */ = {
			isa = PBXNativeTarget;
			buildConfigurationList = D0503DAB26C7C88D008E3B45 /* Build configuration list for PBXNativeTarget "Sample" */;
			buildPhases = (
				D0503D9326C7C88C008E3B45 /* Sources */,
				D0503D9426C7C88C008E3B45 /* Frameworks */,
				D0503D9526C7C88C008E3B45 /* Resources */,
			);
			buildRules = (
			);
			dependencies = (
			);
			name = Sample;
			packageProductDependencies = (
				D0393DDD26C7DB8D0069E05D /* Reachability */,
			);
			productName = Sample;
			productReference = D0503D9726C7C88C008E3B45 /* Sample.app */;
			productType = "com.apple.product-type.application";
		};
/* End PBXNativeTarget section */

/* Begin PBXProject section */
		D0503D8F26C7C88C008E3B45 /* Project object */ = {
			isa = PBXProject;
			attributes = {
				LastSwiftUpdateCheck = 1250;
				LastUpgradeCheck = 1250;
				TargetAttributes = {
					D0503D9626C7C88C008E3B45 = {
						CreatedOnToolsVersion = 12.5.1;
						LastSwiftMigration = 1250;
					};
				};
			};
			buildConfigurationList = D0503D9226C7C88C008E3B45 /* Build configuration list for PBXProject "Sample" */;
			compatibilityVersion = "Xcode 9.3";
			developmentRegion = en;
			hasScannedForEncodings = 0;
			knownRegions = (
				en,
				Base,
			);
			mainGroup = D0503D8E26C7C88C008E3B45;
			packageReferences = (
				D0393DDC26C7DB8D0069E05D /* XCRemoteSwiftPackageReference "Reachability" */,
			);
			productRefGroup = D0503D9826C7C88C008E3B45 /* Products */;
			projectDirPath = "";
			projectRoot = "";
			targets = (
				D0503D9626C7C88C008E3B45 /* Sample */,
			);
		};
/* End PBXProject section */

/* Begin PBXResourcesBuildPhase section */
		D0503D9526C7C88C008E3B45 /* Resources */ = {
			isa = PBXResourcesBuildPhase;
			buildActionMask = 2147483647;
			files = (
				D0503DA726C7C88D008E3B45 /* LaunchScreen.storyboard in Resources */,
				D0503DA426C7C88D008E3B45 /* Assets.xcassets in Resources */,
				D0503DA226C7C88C008E3B45 /* Main.storyboard in Resources */,
			);
			runOnlyForDeploymentPostprocessing = 0;
		};
/* End PBXResourcesBuildPhase section */

/* Begin PBXSourcesBuildPhase section */
		D0503D9326C7C88C008E3B45 /* Sources */ = {
			isa = PBXSourcesBuildPhase;
			buildActionMask = 2147483647;
			files = (
				D0503DAF26C7C8A2008E3B45 /* WifiObserver.swift in Sources */,
				D0503D9F26C7C88C008E3B45 /* ViewController.swift in Sources */,
				D0503DB126C7C8D3008E3B45 /* Log.swift in Sources */,
				D0503D9B26C7C88C008E3B45 /* AppDelegate.swift in Sources */,
				D0503D9D26C7C88C008E3B45 /* SceneDelegate.swift in Sources */,
			);
			runOnlyForDeploymentPostprocessing = 0;
		};
/* End PBXSourcesBuildPhase section */

/* Begin PBXVariantGroup section */
		D0503DA026C7C88C008E3B45 /* Main.storyboard */ = {
			isa = PBXVariantGroup;
			children = (
				D0503DA126C7C88C008E3B45 /* Base */,
			);
			name = Main.storyboard;
			sourceTree = "<group>";
		};
		D0503DA526C7C88D008E3B45 /* LaunchScreen.storyboard */ = {
			isa = PBXVariantGroup;
			children = (
				D0503DA626C7C88D008E3B45 /* Base */,
			);
			name = LaunchScreen.storyboard;
			sourceTree = "<group>";
		};
/* End PBXVariantGroup section */

/* Begin XCBuildConfiguration section */
		D0503DA926C7C88D008E3B45 /* Debug */ = {
			isa = XCBuildConfiguration;
			buildSettings = {
				ALWAYS_SEARCH_USER_PATHS = NO;
				CLANG_ANALYZER_NONNULL = YES;
				CLANG_ANALYZER_NUMBER_OBJECT_CONVERSION = YES_AGGRESSIVE;
				CLANG_CXX_LANGUAGE_STANDARD = "gnu++14";
				CLANG_CXX_LIBRARY = "libc++";
				CLANG_ENABLE_MODULES = YES;
				CLANG_ENABLE_OBJC_ARC = YES;
				CLANG_ENABLE_OBJC_WEAK = YES;
				CLANG_WARN_BLOCK_CAPTURE_AUTORELEASING = YES;
				CLANG_WARN_BOOL_CONVERSION = YES;
				CLANG_WARN_COMMA = YES;
				CLANG_WARN_CONSTANT_CONVERSION = YES;
				CLANG_WARN_DEPRECATED_OBJC_IMPLEMENTATIONS = YES;
				CLANG_WARN_DIRECT_OBJC_ISA_USAGE = YES_ERROR;
				CLANG_WARN_DOCUMENTATION_COMMENTS = YES;
				CLANG_WARN_EMPTY_BODY = YES;
				CLANG_WARN_ENUM_CONVERSION = YES;
				CLANG_WARN_INFINITE_RECURSION = YES;
				CLANG_WARN_INT_CONVERSION = YES;
				CLANG_WARN_NON_LITERAL_NULL_CONVERSION = YES;
				CLANG_WARN_OBJC_IMPLICIT_RETAIN_SELF = YES;
				CLANG_WARN_OBJC_LITERAL_CONVERSION = YES;
				CLANG_WARN_OBJC_ROOT_CLASS = YES_ERROR;
				CLANG_WARN_QUOTED_INCLUDE_IN_FRAMEWORK_HEADER = YES;
				CLANG_WARN_RANGE_LOOP_ANALYSIS = YES;
				CLANG_WARN_STRICT_PROTOTYPES = YES;
				CLANG_WARN_SUSPICIOUS_MOVE = YES;
				CLANG_WARN_UNGUARDED_AVAILABILITY = YES_AGGRESSIVE;
				CLANG_WARN_UNREACHABLE_CODE = YES;
				CLANG_WARN__DUPLICATE_METHOD_MATCH = YES;
				COPY_PHASE_STRIP = NO;
				DEBUG_INFORMATION_FORMAT = dwarf;
				ENABLE_STRICT_OBJC_MSGSEND = YES;
				ENABLE_TESTABILITY = YES;
				GCC_C_LANGUAGE_STANDARD = gnu11;
				GCC_DYNAMIC_NO_PIC = NO;
				GCC_NO_COMMON_BLOCKS = YES;
				GCC_OPTIMIZATION_LEVEL = 0;
				GCC_PREPROCESSOR_DEFINITIONS = (
					"DEBUG=1",
					"$(inherited)",
				);
				GCC_WARN_64_TO_32_BIT_CONVERSION = YES;
				GCC_WARN_ABOUT_RETURN_TYPE = YES_ERROR;
				GCC_WARN_UNDECLARED_SELECTOR = YES;
				GCC_WARN_UNINITIALIZED_AUTOS = YES_AGGRESSIVE;
				GCC_WARN_UNUSED_FUNCTION = YES;
				GCC_WARN_UNUSED_VARIABLE = YES;
				IPHONEOS_DEPLOYMENT_TARGET = 14.5;
				MTL_ENABLE_DEBUG_INFO = INCLUDE_SOURCE;
				MTL_FAST_MATH = YES;
				ONLY_ACTIVE_ARCH = YES;
				SDKROOT = iphoneos;
				SWIFT_ACTIVE_COMPILATION_CONDITIONS = DEBUG;
				SWIFT_OPTIMIZATION_LEVEL = "-Onone";
			};
			name = Debug;
		};
		D0503DAA26C7C88D008E3B45 /* Release */ = {
			isa = XCBuildConfiguration;
			buildSettings = {
				ALWAYS_SEARCH_USER_PATHS = NO;
				CLANG_ANALYZER_NONNULL = YES;
				CLANG_ANALYZER_NUMBER_OBJECT_CONVERSION = YES_AGGRESSIVE;
				CLANG_CXX_LANGUAGE_STANDARD = "gnu++14";
				CLANG_CXX_LIBRARY = "libc++";
				CLANG_ENABLE_MODULES = YES;
				CLANG_ENABLE_OBJC_ARC = YES;
				CLANG_ENABLE_OBJC_WEAK = YES;
				CLANG_WARN_BLOCK_CAPTURE_AUTORELEASING = YES;
				CLANG_WARN_BOOL_CONVERSION = YES;
				CLANG_WARN_COMMA = YES;
				CLANG_WARN_CONSTANT_CONVERSION = YES;
				CLANG_WARN_DEPRECATED_OBJC_IMPLEMENTATIONS = YES;
				CLANG_WARN_DIRECT_OBJC_ISA_USAGE = YES_ERROR;
				CLANG_WARN_DOCUMENTATION_COMMENTS = YES;
				CLANG_WARN_EMPTY_BODY = YES;
				CLANG_WARN_ENUM_CONVERSION = YES;
				CLANG_WARN_INFINITE_RECURSION = YES;
				CLANG_WARN_INT_CONVERSION = YES;
				CLANG_WARN_NON_LITERAL_NULL_CONVERSION = YES;
				CLANG_WARN_OBJC_IMPLICIT_RETAIN_SELF = YES;
				CLANG_WARN_OBJC_LITERAL_CONVERSION = YES;
				CLANG_WARN_OBJC_ROOT_CLASS = YES_ERROR;
				CLANG_WARN_QUOTED_INCLUDE_IN_FRAMEWORK_HEADER = YES;
				CLANG_WARN_RANGE_LOOP_ANALYSIS = YES;
				CLANG_WARN_STRICT_PROTOTYPES = YES;
				CLANG_WARN_SUSPICIOUS_MOVE = YES;
				CLANG_WARN_UNGUARDED_AVAILABILITY = YES_AGGRESSIVE;
				CLANG_WARN_UNREACHABLE_CODE = YES;
				CLANG_WARN__DUPLICATE_METHOD_MATCH = YES;
				COPY_PHASE_STRIP = NO;
				DEBUG_INFORMATION_FORMAT = "dwarf-with-dsym";
				ENABLE_NS_ASSERTIONS = NO;
				ENABLE_STRICT_OBJC_MSGSEND = YES;
				GCC_C_LANGUAGE_STANDARD = gnu11;
				GCC_NO_COMMON_BLOCKS = YES;
				GCC_WARN_64_TO_32_BIT_CONVERSION = YES;
				GCC_WARN_ABOUT_RETURN_TYPE = YES_ERROR;
				GCC_WARN_UNDECLARED_SELECTOR = YES;
				GCC_WARN_UNINITIALIZED_AUTOS = YES_AGGRESSIVE;
				GCC_WARN_UNUSED_FUNCTION = YES;
				GCC_WARN_UNUSED_VARIABLE = YES;
				IPHONEOS_DEPLOYMENT_TARGET = 14.5;
				MTL_ENABLE_DEBUG_INFO = NO;
				MTL_FAST_MATH = YES;
				SDKROOT = iphoneos;
				SWIFT_COMPILATION_MODE = wholemodule;
				SWIFT_OPTIMIZATION_LEVEL = "-O";
				VALIDATE_PRODUCT = YES;
			};
			name = Release;
		};
		D0503DAC26C7C88D008E3B45 /* Debug */ = {
			isa = XCBuildConfiguration;
			buildSettings = {
				ASSETCATALOG_COMPILER_APPICON_NAME = AppIcon;
				ASSETCATALOG_COMPILER_GLOBAL_ACCENT_COLOR_NAME = AccentColor;
				CLANG_ENABLE_MODULES = YES;
				CODE_SIGN_STYLE = Automatic;
				DEVELOPMENT_TEAM = 94AH2M64SS;
				INFOPLIST_FILE = Sample/Info.plist;
				LD_RUNPATH_SEARCH_PATHS = (
					"$(inherited)",
					"@executable_path/Frameworks",
				);
				PRODUCT_BUNDLE_IDENTIFIER = com.yama.Sample;
				PRODUCT_NAME = "$(TARGET_NAME)";
				SWIFT_OBJC_BRIDGING_HEADER = "";
				SWIFT_OPTIMIZATION_LEVEL = "-Onone";
				SWIFT_VERSION = 5.0;
				TARGETED_DEVICE_FAMILY = "1,2";
			};
			name = Debug;
		};
		D0503DAD26C7C88D008E3B45 /* Release */ = {
			isa = XCBuildConfiguration;
			buildSettings = {
				ASSETCATALOG_COMPILER_APPICON_NAME = AppIcon;
				ASSETCATALOG_COMPILER_GLOBAL_ACCENT_COLOR_NAME = AccentColor;
				CLANG_ENABLE_MODULES = YES;
				CODE_SIGN_STYLE = Automatic;
				DEVELOPMENT_TEAM = 94AH2M64SS;
				INFOPLIST_FILE = Sample/Info.plist;
				LD_RUNPATH_SEARCH_PATHS = (
					"$(inherited)",
					"@executable_path/Frameworks",
				);
				PRODUCT_BUNDLE_IDENTIFIER = com.yama.Sample;
				PRODUCT_NAME = "$(TARGET_NAME)";
				SWIFT_OBJC_BRIDGING_HEADER = "";
				SWIFT_VERSION = 5.0;
				TARGETED_DEVICE_FAMILY = "1,2";
			};
			name = Release;
		};
/* End XCBuildConfiguration section */

/* Begin XCConfigurationList section */
		D0503D9226C7C88C008E3B45 /* Build configuration list for PBXProject "Sample" */ = {
			isa = XCConfigurationList;
			buildConfigurations = (
				D0503DA926C7C88D008E3B45 /* Debug */,
				D0503DAA26C7C88D008E3B45 /* Release */,
			);
			defaultConfigurationIsVisible = 0;
			defaultConfigurationName = Release;
		};
		D0503DAB26C7C88D008E3B45 /* Build configuration list for PBXNativeTarget "Sample" */ = {
			isa = XCConfigurationList;
			buildConfigurations = (
				D0503DAC26C7C88D008E3B45 /* Debug */,
				D0503DAD26C7C88D008E3B45 /* Release */,
			);
			defaultConfigurationIsVisible = 0;
			defaultConfigurationName = Release;
		};
/* End XCConfigurationList section */

/* Begin XCRemoteSwiftPackageReference section */
		D0393DDC26C7DB8D0069E05D /* XCRemoteSwiftPackageReference "Reachability" */ = {
			isa = XCRemoteSwiftPackageReference;
			repositoryURL = "https://github.com/ashleymills/Reachability.swift";
			requirement = {
				kind = upToNextMajorVersion;
				minimumVersion = 5.1.0;
			};
		};
/* End XCRemoteSwiftPackageReference section */

/* Begin XCSwiftPackageProductDependency section */
		D0393DDD26C7DB8D0069E05D /* Reachability */ = {
			isa = XCSwiftPackageProductDependency;
			package = D0393DDC26C7DB8D0069E05D /* XCRemoteSwiftPackageReference "Reachability" */;
			productName = Reachability;
		};
/* End XCSwiftPackageProductDependency section */
	};
	rootObject = D0503D8F26C7C88C008E3B45 /* Project object */;
}
