// !$*UTF8*$!
{
	archiveVersion = 1;
	classes = {
	};
	objectVersion = 55;
	objects = {

/* Begin PBXBuildFile section */
		D0E951172863039300AACEBB /* SampleApp.swift in Sources */ = {isa = PBXBuildFile; fileRef = D0E951162863039300AACEBB /* SampleApp.swift */; };
		D0E951192863039300AACEBB /* ContentView.swift in Sources */ = {isa = PBXBuildFile; fileRef = D0E951182863039300AACEBB /* ContentView.swift */; };
		D0E9511B2863039400AACEBB /* Assets.xcassets in Resources */ = {isa = PBXBuildFile; fileRef = D0E9511A2863039400AACEBB /* Assets.xcassets */; };
		D0E9511E2863039400AACEBB /* Preview Assets.xcassets in Resources */ = {isa = PBXBuildFile; fileRef = D0E9511D2863039400AACEBB /* Preview Assets.xcassets */; };
		D0E9512B286303D400AACEBB /* WidgetKit.framework in Frameworks */ = {isa = PBXBuildFile; fileRef = D0E9512A286303D400AACEBB /* WidgetKit.framework */; };
		D0E9512D286303D400AACEBB /* SwiftUI.framework in Frameworks */ = {isa = PBXBuildFile; fileRef = D0E9512C286303D400AACEBB /* SwiftUI.framework */; };
		D0E95130286303D400AACEBB /* WidgetSample.swift in Sources */ = {isa = PBXBuildFile; fileRef = D0E9512F286303D400AACEBB /* WidgetSample.swift */; };
		D0E95133286303D400AACEBB /* Assets.xcassets in Resources */ = {isa = PBXBuildFile; fileRef = D0E95132286303D400AACEBB /* Assets.xcassets */; };
		D0E95135286303D400AACEBB /* WidgetSample.intentdefinition in Sources */ = {isa = PBXBuildFile; fileRef = D0E95131286303D400AACEBB /* WidgetSample.intentdefinition */; };
		D0E95136286303D400AACEBB /* WidgetSample.intentdefinition in Sources */ = {isa = PBXBuildFile; fileRef = D0E95131286303D400AACEBB /* WidgetSample.intentdefinition */; };
		D0E95139286303D400AACEBB /* WidgetSampleExtension.appex in Embed App Extensions */ = {isa = PBXBuildFile; fileRef = D0E95128286303D400AACEBB /* WidgetSampleExtension.appex */; settings = {ATTRIBUTES = (RemoveHeadersOnCopy, ); }; };
		D0E95140286308A600AACEBB /* UserDefaultManager.swift in Sources */ = {isa = PBXBuildFile; fileRef = D0E9513F286308A600AACEBB /* UserDefaultManager.swift */; };
		D0E9514128630B9200AACEBB /* UserDefaultManager.swift in Sources */ = {isa = PBXBuildFile; fileRef = D0E9513F286308A600AACEBB /* UserDefaultManager.swift */; };
/* End PBXBuildFile section */

/* Begin PBXContainerItemProxy section */
		D0E95137286303D400AACEBB /* PBXContainerItemProxy */ = {
			isa = PBXContainerItemProxy;
			containerPortal = D0E9510B2863039300AACEBB /* Project object */;
			proxyType = 1;
			remoteGlobalIDString = D0E95127286303D400AACEBB;
			remoteInfo = WidgetSampleExtension;
		};
/* End PBXContainerItemProxy section */

/* Begin PBXCopyFilesBuildPhase section */
		D0E9513A286303D400AACEBB /* Embed App Extensions */ = {
			isa = PBXCopyFilesBuildPhase;
			buildActionMask = 2147483647;
			dstPath = "";
			dstSubfolderSpec = 13;
			files = (
				D0E95139286303D400AACEBB /* WidgetSampleExtension.appex in Embed App Extensions */,
			);
			name = "Embed App Extensions";
			runOnlyForDeploymentPostprocessing = 0;
		};
/* End PBXCopyFilesBuildPhase section */

/* Begin PBXFileReference section */
		D0E951132863039300AACEBB /* Sample.app */ = {isa = PBXFileReference; explicitFileType = wrapper.application; includeInIndex = 0; path = Sample.app; sourceTree = BUILT_PRODUCTS_DIR; };
		D0E951162863039300AACEBB /* SampleApp.swift */ = {isa = PBXFileReference; lastKnownFileType = sourcecode.swift; path = SampleApp.swift; sourceTree = "<group>"; };
		D0E951182863039300AACEBB /* ContentView.swift */ = {isa = PBXFileReference; lastKnownFileType = sourcecode.swift; path = ContentView.swift; sourceTree = "<group>"; };
		D0E9511A2863039400AACEBB /* Assets.xcassets */ = {isa = PBXFileReference; lastKnownFileType = folder.assetcatalog; path = Assets.xcassets; sourceTree = "<group>"; };
		D0E9511D2863039400AACEBB /* Preview Assets.xcassets */ = {isa = PBXFileReference; lastKnownFileType = folder.assetcatalog; path = "Preview Assets.xcassets"; sourceTree = "<group>"; };
		D0E95128286303D400AACEBB /* WidgetSampleExtension.appex */ = {isa = PBXFileReference; explicitFileType = "wrapper.app-extension"; includeInIndex = 0; path = WidgetSampleExtension.appex; sourceTree = BUILT_PRODUCTS_DIR; };
		D0E9512A286303D400AACEBB /* WidgetKit.framework */ = {isa = PBXFileReference; lastKnownFileType = wrapper.framework; name = WidgetKit.framework; path = System/Library/Frameworks/WidgetKit.framework; sourceTree = SDKROOT; };
		D0E9512C286303D400AACEBB /* SwiftUI.framework */ = {isa = PBXFileReference; lastKnownFileType = wrapper.framework; name = SwiftUI.framework; path = System/Library/Frameworks/SwiftUI.framework; sourceTree = SDKROOT; };
		D0E9512F286303D400AACEBB /* WidgetSample.swift */ = {isa = PBXFileReference; lastKnownFileType = sourcecode.swift; path = WidgetSample.swift; sourceTree = "<group>"; };
		D0E95131286303D400AACEBB /* WidgetSample.intentdefinition */ = {isa = PBXFileReference; lastKnownFileType = file.intentdefinition; path = WidgetSample.intentdefinition; sourceTree = "<group>"; };
		D0E95132286303D400AACEBB /* Assets.xcassets */ = {isa = PBXFileReference; lastKnownFileType = folder.assetcatalog; path = Assets.xcassets; sourceTree = "<group>"; };
		D0E95134286303D400AACEBB /* Info.plist */ = {isa = PBXFileReference; lastKnownFileType = text.plist.xml; path = Info.plist; sourceTree = "<group>"; };
		D0E9513E2863077B00AACEBB /* WidgetSampleExtension.entitlements */ = {isa = PBXFileReference; lastKnownFileType = text.plist.entitlements; path = WidgetSampleExtension.entitlements; sourceTree = "<group>"; };
		D0E9513F286308A600AACEBB /* UserDefaultManager.swift */ = {isa = PBXFileReference; lastKnownFileType = sourcecode.swift; path = UserDefaultManager.swift; sourceTree = "<group>"; };
		D0E95142286346D800AACEBB /* Sample.entitlements */ = {isa = PBXFileReference; lastKnownFileType = text.plist.entitlements; path = Sample.entitlements; sourceTree = "<group>"; };
/* End PBXFileReference section */

/* Begin PBXFrameworksBuildPhase section */
		D0E951102863039300AACEBB /* Frameworks */ = {
			isa = PBXFrameworksBuildPhase;
			buildActionMask = 2147483647;
			files = (
			);
			runOnlyForDeploymentPostprocessing = 0;
		};
		D0E95125286303D400AACEBB /* Frameworks */ = {
			isa = PBXFrameworksBuildPhase;
			buildActionMask = 2147483647;
			files = (
				D0E9512D286303D400AACEBB /* SwiftUI.framework in Frameworks */,
				D0E9512B286303D400AACEBB /* WidgetKit.framework in Frameworks */,
			);
			runOnlyForDeploymentPostprocessing = 0;
		};
/* End PBXFrameworksBuildPhase section */

/* Begin PBXGroup section */
		D0E9510A2863039300AACEBB = {
			isa = PBXGroup;
			children = (
				D0E9513E2863077B00AACEBB /* WidgetSampleExtension.entitlements */,
				D0E951152863039300AACEBB /* Sample */,
				D0E9512E286303D400AACEBB /* WidgetSample */,
				D0E95129286303D400AACEBB /* Frameworks */,
				D0E951142863039300AACEBB /* Products */,
			);
			sourceTree = "<group>";
		};
		D0E951142863039300AACEBB /* Products */ = {
			isa = PBXGroup;
			children = (
				D0E951132863039300AACEBB /* Sample.app */,
				D0E95128286303D400AACEBB /* WidgetSampleExtension.appex */,
			);
			name = Products;
			sourceTree = "<group>";
		};
		D0E951152863039300AACEBB /* Sample */ = {
			isa = PBXGroup;
			children = (
				D0E95142286346D800AACEBB /* Sample.entitlements */,
				D0E951162863039300AACEBB /* SampleApp.swift */,
				D0E951182863039300AACEBB /* ContentView.swift */,
				D0E9511A2863039400AACEBB /* Assets.xcassets */,
				D0E9511C2863039400AACEBB /* Preview Content */,
				D0E9513F286308A600AACEBB /* UserDefaultManager.swift */,
			);
			path = Sample;
			sourceTree = "<group>";
		};
		D0E9511C2863039400AACEBB /* Preview Content */ = {
			isa = PBXGroup;
			children = (
				D0E9511D2863039400AACEBB /* Preview Assets.xcassets */,
			);
			path = "Preview Content";
			sourceTree = "<group>";
		};
		D0E95129286303D400AACEBB /* Frameworks */ = {
			isa = PBXGroup;
			children = (
				D0E9512A286303D400AACEBB /* WidgetKit.framework */,
				D0E9512C286303D400AACEBB /* SwiftUI.framework */,
			);
			name = Frameworks;
			sourceTree = "<group>";
		};
		D0E9512E286303D400AACEBB /* WidgetSample */ = {
			isa = PBXGroup;
			children = (
				D0E9512F286303D400AACEBB /* WidgetSample.swift */,
				D0E95131286303D400AACEBB /* WidgetSample.intentdefinition */,
				D0E95132286303D400AACEBB /* Assets.xcassets */,
				D0E95134286303D400AACEBB /* Info.plist */,
			);
			path = WidgetSample;
			sourceTree = "<group>";
		};
/* End PBXGroup section */

/* Begin PBXNativeTarget section */
		D0E951122863039300AACEBB /* Sample */ = {
			isa = PBXNativeTarget;
			buildConfigurationList = D0E951212863039400AACEBB /* Build configuration list for PBXNativeTarget "Sample" */;
			buildPhases = (
				D0E9510F2863039300AACEBB /* Sources */,
				D0E951102863039300AACEBB /* Frameworks */,
				D0E951112863039300AACEBB /* Resources */,
				D0E9513A286303D400AACEBB /* Embed App Extensions */,
			);
			buildRules = (
			);
			dependencies = (
				D0E95138286303D400AACEBB /* PBXTargetDependency */,
			);
			name = Sample;
			productName = Sample;
			productReference = D0E951132863039300AACEBB /* Sample.app */;
			productType = "com.apple.product-type.application";
		};
		D0E95127286303D400AACEBB /* WidgetSampleExtension */ = {
			isa = PBXNativeTarget;
			buildConfigurationList = D0E9513D286303D400AACEBB /* Build configuration list for PBXNativeTarget "WidgetSampleExtension" */;
			buildPhases = (
				D0E95124286303D400AACEBB /* Sources */,
				D0E95125286303D400AACEBB /* Frameworks */,
				D0E95126286303D400AACEBB /* Resources */,
			);
			buildRules = (
			);
			dependencies = (
			);
			name = WidgetSampleExtension;
			productName = WidgetSampleExtension;
			productReference = D0E95128286303D400AACEBB /* WidgetSampleExtension.appex */;
			productType = "com.apple.product-type.app-extension";
		};
/* End PBXNativeTarget section */

/* Begin PBXProject section */
		D0E9510B2863039300AACEBB /* Project object */ = {
			isa = PBXProject;
			attributes = {
				BuildIndependentTargetsInParallel = 1;
				LastSwiftUpdateCheck = 1340;
				LastUpgradeCheck = 1340;
				TargetAttributes = {
					D0E951122863039300AACEBB = {
						CreatedOnToolsVersion = 13.4.1;
					};
					D0E95127286303D400AACEBB = {
						CreatedOnToolsVersion = 13.4.1;
					};
				};
			};
			buildConfigurationList = D0E9510E2863039300AACEBB /* Build configuration list for PBXProject "Sample" */;
			compatibilityVersion = "Xcode 13.0";
			developmentRegion = en;
			hasScannedForEncodings = 0;
			knownRegions = (
				en,
				Base,
			);
			mainGroup = D0E9510A2863039300AACEBB;
			productRefGroup = D0E951142863039300AACEBB /* Products */;
			projectDirPath = "";
			projectRoot = "";
			targets = (
				D0E951122863039300AACEBB /* Sample */,
				D0E95127286303D400AACEBB /* WidgetSampleExtension */,
			);
		};
/* End PBXProject section */

/* Begin PBXResourcesBuildPhase section */
		D0E951112863039300AACEBB /* Resources */ = {
			isa = PBXResourcesBuildPhase;
			buildActionMask = 2147483647;
			files = (
				D0E9511E2863039400AACEBB /* Preview Assets.xcassets in Resources */,
				D0E9511B2863039400AACEBB /* Assets.xcassets in Resources */,
			);
			runOnlyForDeploymentPostprocessing = 0;
		};
		D0E95126286303D400AACEBB /* Resources */ = {
			isa = PBXResourcesBuildPhase;
			buildActionMask = 2147483647;
			files = (
				D0E95133286303D400AACEBB /* Assets.xcassets in Resources */,
			);
			runOnlyForDeploymentPostprocessing = 0;
		};
/* End PBXResourcesBuildPhase section */

/* Begin PBXSourcesBuildPhase section */
		D0E9510F2863039300AACEBB /* Sources */ = {
			isa = PBXSourcesBuildPhase;
			buildActionMask = 2147483647;
			files = (
				D0E95136286303D400AACEBB /* WidgetSample.intentdefinition in Sources */,
				D0E951192863039300AACEBB /* ContentView.swift in Sources */,
				D0E95140286308A600AACEBB /* UserDefaultManager.swift in Sources */,
				D0E951172863039300AACEBB /* SampleApp.swift in Sources */,
			);
			runOnlyForDeploymentPostprocessing = 0;
		};
		D0E95124286303D400AACEBB /* Sources */ = {
			isa = PBXSourcesBuildPhase;
			buildActionMask = 2147483647;
			files = (
				D0E9514128630B9200AACEBB /* UserDefaultManager.swift in Sources */,
				D0E95135286303D400AACEBB /* WidgetSample.intentdefinition in Sources */,
				D0E95130286303D400AACEBB /* WidgetSample.swift in Sources */,
			);
			runOnlyForDeploymentPostprocessing = 0;
		};
/* End PBXSourcesBuildPhase section */

/* Begin PBXTargetDependency section */
		D0E95138286303D400AACEBB /* PBXTargetDependency */ = {
			isa = PBXTargetDependency;
			target = D0E95127286303D400AACEBB /* WidgetSampleExtension */;
			targetProxy = D0E95137286303D400AACEBB /* PBXContainerItemProxy */;
		};
/* End PBXTargetDependency section */

/* Begin XCBuildConfiguration section */
		D0E9511F2863039400AACEBB /* Debug */ = {
			isa = XCBuildConfiguration;
			buildSettings = {
				ALWAYS_SEARCH_USER_PATHS = NO;
				CLANG_ANALYZER_NONNULL = YES;
				CLANG_ANALYZER_NUMBER_OBJECT_CONVERSION = YES_AGGRESSIVE;
				CLANG_CXX_LANGUAGE_STANDARD = "gnu++17";
				CLANG_ENABLE_MODULES = YES;
				CLANG_ENABLE_OBJC_ARC = YES;
				CLANG_ENABLE_OBJC_WEAK = YES;
				CLANG_WARN_BLOCK_CAPTURE_AUTORELEASING = YES;
				CLANG_WARN_BOOL_CONVERSION = YES;
				CLANG_WARN_COMMA = YES;
				CLANG_WARN_CONSTANT_CONVERSION = YES;
				CLANG_WARN_DEPRECATED_OBJC_IMPLEMENTATIONS = YES;
				CLANG_WARN_DIRECT_OBJC_ISA_USAGE = YES_ERROR;
				CLANG_WARN_DOCUMENTATION_COMMENTS = YES;
				CLANG_WARN_EMPTY_BODY = YES;
				CLANG_WARN_ENUM_CONVERSION = YES;
				CLANG_WARN_INFINITE_RECURSION = YES;
				CLANG_WARN_INT_CONVERSION = YES;
				CLANG_WARN_NON_LITERAL_NULL_CONVERSION = YES;
				CLANG_WARN_OBJC_IMPLICIT_RETAIN_SELF = YES;
				CLANG_WARN_OBJC_LITERAL_CONVERSION = YES;
				CLANG_WARN_OBJC_ROOT_CLASS = YES_ERROR;
				CLANG_WARN_QUOTED_INCLUDE_IN_FRAMEWORK_HEADER = YES;
				CLANG_WARN_RANGE_LOOP_ANALYSIS = YES;
				CLANG_WARN_STRICT_PROTOTYPES = YES;
				CLANG_WARN_SUSPICIOUS_MOVE = YES;
				CLANG_WARN_UNGUARDED_AVAILABILITY = YES_AGGRESSIVE;
				CLANG_WARN_UNREACHABLE_CODE = YES;
				CLANG_WARN__DUPLICATE_METHOD_MATCH = YES;
				COPY_PHASE_STRIP = NO;
				DEBUG_INFORMATION_FORMAT = dwarf;
				ENABLE_STRICT_OBJC_MSGSEND = YES;
				ENABLE_TESTABILITY = YES;
				GCC_C_LANGUAGE_STANDARD = gnu11;
				GCC_DYNAMIC_NO_PIC = NO;
				GCC_NO_COMMON_BLOCKS = YES;
				GCC_OPTIMIZATION_LEVEL = 0;
				GCC_PREPROCESSOR_DEFINITIONS = (
					"DEBUG=1",
					"$(inherited)",
				);
				GCC_WARN_64_TO_32_BIT_CONVERSION = YES;
				GCC_WARN_ABOUT_RETURN_TYPE = YES_ERROR;
				GCC_WARN_UNDECLARED_SELECTOR = YES;
				GCC_WARN_UNINITIALIZED_AUTOS = YES_AGGRESSIVE;
				GCC_WARN_UNUSED_FUNCTION = YES;
				GCC_WARN_UNUSED_VARIABLE = YES;
				IPHONEOS_DEPLOYMENT_TARGET = 15.5;
				MTL_ENABLE_DEBUG_INFO = INCLUDE_SOURCE;
				MTL_FAST_MATH = YES;
				ONLY_ACTIVE_ARCH = YES;
				SDKROOT = iphoneos;
				SWIFT_ACTIVE_COMPILATION_CONDITIONS = DEBUG;
				SWIFT_OPTIMIZATION_LEVEL = "-Onone";
			};
			name = Debug;
		};
		D0E951202863039400AACEBB /* Release */ = {
			isa = XCBuildConfiguration;
			buildSettings = {
				ALWAYS_SEARCH_USER_PATHS = NO;
				CLANG_ANALYZER_NONNULL = YES;
				CLANG_ANALYZER_NUMBER_OBJECT_CONVERSION = YES_AGGRESSIVE;
				CLANG_CXX_LANGUAGE_STANDARD = "gnu++17";
				CLANG_ENABLE_MODULES = YES;
				CLANG_ENABLE_OBJC_ARC = YES;
				CLANG_ENABLE_OBJC_WEAK = YES;
				CLANG_WARN_BLOCK_CAPTURE_AUTORELEASING = YES;
				CLANG_WARN_BOOL_CONVERSION = YES;
				CLANG_WARN_COMMA = YES;
				CLANG_WARN_CONSTANT_CONVERSION = YES;
				CLANG_WARN_DEPRECATED_OBJC_IMPLEMENTATIONS = YES;
				CLANG_WARN_DIRECT_OBJC_ISA_USAGE = YES_ERROR;
				CLANG_WARN_DOCUMENTATION_COMMENTS = YES;
				CLANG_WARN_EMPTY_BODY = YES;
				CLANG_WARN_ENUM_CONVERSION = YES;
				CLANG_WARN_INFINITE_RECURSION = YES;
				CLANG_WARN_INT_CONVERSION = YES;
				CLANG_WARN_NON_LITERAL_NULL_CONVERSION = YES;
				CLANG_WARN_OBJC_IMPLICIT_RETAIN_SELF = YES;
				CLANG_WARN_OBJC_LITERAL_CONVERSION = YES;
				CLANG_WARN_OBJC_ROOT_CLASS = YES_ERROR;
				CLANG_WARN_QUOTED_INCLUDE_IN_FRAMEWORK_HEADER = YES;
				CLANG_WARN_RANGE_LOOP_ANALYSIS = YES;
				CLANG_WARN_STRICT_PROTOTYPES = YES;
				CLANG_WARN_SUSPICIOUS_MOVE = YES;
				CLANG_WARN_UNGUARDED_AVAILABILITY = YES_AGGRESSIVE;
				CLANG_WARN_UNREACHABLE_CODE = YES;
				CLANG_WARN__DUPLICATE_METHOD_MATCH = YES;
				COPY_PHASE_STRIP = NO;
				DEBUG_INFORMATION_FORMAT = "dwarf-with-dsym";
				ENABLE_NS_ASSERTIONS = NO;
				ENABLE_STRICT_OBJC_MSGSEND = YES;
				GCC_C_LANGUAGE_STANDARD = gnu11;
				GCC_NO_COMMON_BLOCKS = YES;
				GCC_WARN_64_TO_32_BIT_CONVERSION = YES;
				GCC_WARN_ABOUT_RETURN_TYPE = YES_ERROR;
				GCC_WARN_UNDECLARED_SELECTOR = YES;
				GCC_WARN_UNINITIALIZED_AUTOS = YES_AGGRESSIVE;
				GCC_WARN_UNUSED_FUNCTION = YES;
				GCC_WARN_UNUSED_VARIABLE = YES;
				IPHONEOS_DEPLOYMENT_TARGET = 15.5;
				MTL_ENABLE_DEBUG_INFO = NO;
				MTL_FAST_MATH = YES;
				SDKROOT = iphoneos;
				SWIFT_COMPILATION_MODE = wholemodule;
				SWIFT_OPTIMIZATION_LEVEL = "-O";
				VALIDATE_PRODUCT = YES;
			};
			name = Release;
		};
		D0E951222863039400AACEBB /* Debug */ = {
			isa = XCBuildConfiguration;
			buildSettings = {
				ALWAYS_EMBED_SWIFT_STANDARD_LIBRARIES = YES;
				ASSETCATALOG_COMPILER_APPICON_NAME = AppIcon;
				ASSETCATALOG_COMPILER_GLOBAL_ACCENT_COLOR_NAME = AccentColor;
				CODE_SIGN_ENTITLEMENTS = Sample/Sample.entitlements;
				CODE_SIGN_STYLE = Automatic;
				CURRENT_PROJECT_VERSION = 1;
				DEVELOPMENT_ASSET_PATHS = "\"Sample/Preview Content\"";
				DEVELOPMENT_TEAM = 94AH2M64SS;
				ENABLE_PREVIEWS = YES;
				GENERATE_INFOPLIST_FILE = YES;
				INFOPLIST_KEY_UIApplicationSceneManifest_Generation = YES;
				INFOPLIST_KEY_UIApplicationSupportsIndirectInputEvents = YES;
				INFOPLIST_KEY_UILaunchScreen_Generation = YES;
				INFOPLIST_KEY_UISupportedInterfaceOrientations_iPad = "UIInterfaceOrientationPortrait UIInterfaceOrientationPortraitUpsideDown UIInterfaceOrientationLandscapeLeft UIInterfaceOrientationLandscapeRight";
				INFOPLIST_KEY_UISupportedInterfaceOrientations_iPhone = "UIInterfaceOrientationPortrait UIInterfaceOrientationLandscapeLeft UIInterfaceOrientationLandscapeRight";
				LD_RUNPATH_SEARCH_PATHS = (
					"$(inherited)",
					"@executable_path/Frameworks",
				);
				MARKETING_VERSION = 1.0;
				PRODUCT_BUNDLE_IDENTIFIER = com.yama.Sample;
				PRODUCT_NAME = "$(TARGET_NAME)";
				SWIFT_EMIT_LOC_STRINGS = YES;
				SWIFT_VERSION = 5.0;
				TARGETED_DEVICE_FAMILY = "1,2";
			};
			name = Debug;
		};
		D0E951232863039400AACEBB /* Release */ = {
			isa = XCBuildConfiguration;
			buildSettings = {
				ALWAYS_EMBED_SWIFT_STANDARD_LIBRARIES = YES;
				ASSETCATALOG_COMPILER_APPICON_NAME = AppIcon;
				ASSETCATALOG_COMPILER_GLOBAL_ACCENT_COLOR_NAME = AccentColor;
				CODE_SIGN_ENTITLEMENTS = Sample/Sample.entitlements;
				CODE_SIGN_STYLE = Automatic;
				CURRENT_PROJECT_VERSION = 1;
				DEVELOPMENT_ASSET_PATHS = "\"Sample/Preview Content\"";
				DEVELOPMENT_TEAM = 94AH2M64SS;
				ENABLE_PREVIEWS = YES;
				GENERATE_INFOPLIST_FILE = YES;
				INFOPLIST_KEY_UIApplicationSceneManifest_Generation = YES;
				INFOPLIST_KEY_UIApplicationSupportsIndirectInputEvents = YES;
				INFOPLIST_KEY_UILaunchScreen_Generation = YES;
				INFOPLIST_KEY_UISupportedInterfaceOrientations_iPad = "UIInterfaceOrientationPortrait UIInterfaceOrientationPortraitUpsideDown UIInterfaceOrientationLandscapeLeft UIInterfaceOrientationLandscapeRight";
				INFOPLIST_KEY_UISupportedInterfaceOrientations_iPhone = "UIInterfaceOrientationPortrait UIInterfaceOrientationLandscapeLeft UIInterfaceOrientationLandscapeRight";
				LD_RUNPATH_SEARCH_PATHS = (
					"$(inherited)",
					"@executable_path/Frameworks",
				);
				MARKETING_VERSION = 1.0;
				PRODUCT_BUNDLE_IDENTIFIER = com.yama.Sample;
				PRODUCT_NAME = "$(TARGET_NAME)";
				SWIFT_EMIT_LOC_STRINGS = YES;
				SWIFT_VERSION = 5.0;
				TARGETED_DEVICE_FAMILY = "1,2";
			};
			name = Release;
		};
		D0E9513B286303D400AACEBB /* Debug */ = {
			isa = XCBuildConfiguration;
			buildSettings = {
				ASSETCATALOG_COMPILER_GLOBAL_ACCENT_COLOR_NAME = AccentColor;
				ASSETCATALOG_COMPILER_WIDGET_BACKGROUND_COLOR_NAME = WidgetBackground;
				CODE_SIGN_ENTITLEMENTS = WidgetSampleExtension.entitlements;
				CODE_SIGN_STYLE = Automatic;
				CURRENT_PROJECT_VERSION = 1;
				DEVELOPMENT_TEAM = 94AH2M64SS;
				GENERATE_INFOPLIST_FILE = YES;
				INFOPLIST_FILE = WidgetSample/Info.plist;
				INFOPLIST_KEY_CFBundleDisplayName = WidgetSample;
				INFOPLIST_KEY_NSHumanReadableCopyright = "";
				LD_RUNPATH_SEARCH_PATHS = (
					"$(inherited)",
					"@executable_path/Frameworks",
					"@executable_path/../../Frameworks",
				);
				MARKETING_VERSION = 1.0;
				PRODUCT_BUNDLE_IDENTIFIER = com.yama.Sample.WidgetSample;
				PRODUCT_NAME = "$(TARGET_NAME)";
				SKIP_INSTALL = YES;
				SWIFT_EMIT_LOC_STRINGS = YES;
				SWIFT_VERSION = 5.0;
				TARGETED_DEVICE_FAMILY = "1,2";
			};
			name = Debug;
		};
		D0E9513C286303D400AACEBB /* Release */ = {
			isa = XCBuildConfiguration;
			buildSettings = {
				ASSETCATALOG_COMPILER_GLOBAL_ACCENT_COLOR_NAME = AccentColor;
				ASSETCATALOG_COMPILER_WIDGET_BACKGROUND_COLOR_NAME = WidgetBackground;
				CODE_SIGN_ENTITLEMENTS = WidgetSampleExtension.entitlements;
				CODE_SIGN_STYLE = Automatic;
				CURRENT_PROJECT_VERSION = 1;
				DEVELOPMENT_TEAM = 94AH2M64SS;
				GENERATE_INFOPLIST_FILE = YES;
				INFOPLIST_FILE = WidgetSample/Info.plist;
				INFOPLIST_KEY_CFBundleDisplayName = WidgetSample;
				INFOPLIST_KEY_NSHumanReadableCopyright = "";
				LD_RUNPATH_SEARCH_PATHS = (
					"$(inherited)",
					"@executable_path/Frameworks",
					"@executable_path/../../Frameworks",
				);
				MARKETING_VERSION = 1.0;
				PRODUCT_BUNDLE_IDENTIFIER = com.yama.Sample.WidgetSample;
				PRODUCT_NAME = "$(TARGET_NAME)";
				SKIP_INSTALL = YES;
				SWIFT_EMIT_LOC_STRINGS = YES;
				SWIFT_VERSION = 5.0;
				TARGETED_DEVICE_FAMILY = "1,2";
			};
			name = Release;
		};
/* End XCBuildConfiguration section */

/* Begin XCConfigurationList section */
		D0E9510E2863039300AACEBB /* Build configuration list for PBXProject "Sample" */ = {
			isa = XCConfigurationList;
			buildConfigurations = (
				D0E9511F2863039400AACEBB /* Debug */,
				D0E951202863039400AACEBB /* Release */,
			);
			defaultConfigurationIsVisible = 0;
			defaultConfigurationName = Release;
		};
		D0E951212863039400AACEBB /* Build configuration list for PBXNativeTarget "Sample" */ = {
			isa = XCConfigurationList;
			buildConfigurations = (
				D0E951222863039400AACEBB /* Debug */,
				D0E951232863039400AACEBB /* Release */,
			);
			defaultConfigurationIsVisible = 0;
			defaultConfigurationName = Release;
		};
		D0E9513D286303D400AACEBB /* Build configuration list for PBXNativeTarget "WidgetSampleExtension" */ = {
			isa = XCConfigurationList;
			buildConfigurations = (
				D0E9513B286303D400AACEBB /* Debug */,
				D0E9513C286303D400AACEBB /* Release */,
			);
			defaultConfigurationIsVisible = 0;
			defaultConfigurationName = Release;
		};
/* End XCConfigurationList section */
	};
	rootObject = D0E9510B2863039300AACEBB /* Project object */;
}
